// !$*UTF8*$!
{
	archiveVersion = 1;
	classes = {
	};
	objectVersion = 55;
	objects = {

/* Begin PBXBuildFile section */
		4A021E3F574DCD5B76011FDE /* Pods_DailyGreen_DailyGreenUITests.framework in Frameworks */ = {isa = PBXBuildFile; fileRef = B356A68AC9BDFE13FB71E028 /* Pods_DailyGreen_DailyGreenUITests.framework */; };
		7719463CA79074A34312A80F /* Pods_DailyGreen.framework in Frameworks */ = {isa = PBXBuildFile; fileRef = 1DF892AA2616F6DC19E4DD84 /* Pods_DailyGreen.framework */; };
		C42D0C952DFC2370BC91FB3A /* Pods_DailyGreenTests.framework in Frameworks */ = {isa = PBXBuildFile; fileRef = 08DA7BE0CD4CD5509D591632 /* Pods_DailyGreenTests.framework */; };
		E14321C8272FA1730028DAE4 /* AppDelegate.swift in Sources */ = {isa = PBXBuildFile; fileRef = E14321C7272FA1730028DAE4 /* AppDelegate.swift */; };
		E14321CA272FA1730028DAE4 /* SceneDelegate.swift in Sources */ = {isa = PBXBuildFile; fileRef = E14321C9272FA1730028DAE4 /* SceneDelegate.swift */; };
		E14321CC272FA1730028DAE4 /* ViewController.swift in Sources */ = {isa = PBXBuildFile; fileRef = E14321CB272FA1730028DAE4 /* ViewController.swift */; };
		E14321CF272FA1730028DAE4 /* Main.storyboard in Resources */ = {isa = PBXBuildFile; fileRef = E14321CD272FA1730028DAE4 /* Main.storyboard */; };
		E14321D2272FA1730028DAE4 /* DailyGreen.xcdatamodeld in Sources */ = {isa = PBXBuildFile; fileRef = E14321D0272FA1730028DAE4 /* DailyGreen.xcdatamodeld */; };
		E14321D4272FA1740028DAE4 /* Assets.xcassets in Resources */ = {isa = PBXBuildFile; fileRef = E14321D3272FA1740028DAE4 /* Assets.xcassets */; };
		E14321D7272FA1740028DAE4 /* LaunchScreen.storyboard in Resources */ = {isa = PBXBuildFile; fileRef = E14321D5272FA1740028DAE4 /* LaunchScreen.storyboard */; };
		E14321E2272FA1740028DAE4 /* DailyGreenTests.swift in Sources */ = {isa = PBXBuildFile; fileRef = E14321E1272FA1740028DAE4 /* DailyGreenTests.swift */; };
		E14321EC272FA1740028DAE4 /* DailyGreenUITests.swift in Sources */ = {isa = PBXBuildFile; fileRef = E14321EB272FA1740028DAE4 /* DailyGreenUITests.swift */; };
		E14321EE272FA1740028DAE4 /* DailyGreenUITestsLaunchTests.swift in Sources */ = {isa = PBXBuildFile; fileRef = E14321ED272FA1740028DAE4 /* DailyGreenUITestsLaunchTests.swift */; };
		E1432221272FA6850028DAE4 /* Font.swift in Sources */ = {isa = PBXBuildFile; fileRef = E1432220272FA6850028DAE4 /* Font.swift */; };
		E1432227272FB76E0028DAE4 /* NanumSquareB.ttf in Resources */ = {isa = PBXBuildFile; fileRef = E1432226272FB76E0028DAE4 /* NanumSquareB.ttf */; };
		E1432229272FC1CF0028DAE4 /* UserDefault.swift in Sources */ = {isa = PBXBuildFile; fileRef = E1432228272FC1CF0028DAE4 /* UserDefault.swift */; };
		E143222B272FC61B0028DAE4 /* OnboardViewController.swift in Sources */ = {isa = PBXBuildFile; fileRef = E143222A272FC61B0028DAE4 /* OnboardViewController.swift */; };
		E1432232272FCA9C0028DAE4 /* OnboardingView1.swift in Sources */ = {isa = PBXBuildFile; fileRef = E1432231272FCA9C0028DAE4 /* OnboardingView1.swift */; };
		E1432235272FCC000028DAE4 /* Color.swift in Sources */ = {isa = PBXBuildFile; fileRef = E1432234272FCC000028DAE4 /* Color.swift */; };
		E1432237272FD6AF0028DAE4 /* NanumSquareR.ttf in Resources */ = {isa = PBXBuildFile; fileRef = E1432236272FD6AF0028DAE4 /* NanumSquareR.ttf */; };
		E1432239272FDA890028DAE4 /* OnboardingView2.swift in Sources */ = {isa = PBXBuildFile; fileRef = E1432238272FDA890028DAE4 /* OnboardingView2.swift */; };
		E143223B272FDC9C0028DAE4 /* OnboardingView3.swift in Sources */ = {isa = PBXBuildFile; fileRef = E143223A272FDC9C0028DAE4 /* OnboardingView3.swift */; };
		E143223D272FDCA20028DAE4 /* OnboardingView4.swift in Sources */ = {isa = PBXBuildFile; fileRef = E143223C272FDCA20028DAE4 /* OnboardingView4.swift */; };
		E143223F272FE3D00028DAE4 /* UIViewController.swift in Sources */ = {isa = PBXBuildFile; fileRef = E143223E272FE3D00028DAE4 /* UIViewController.swift */; };
		E1432242272FE89B0028DAE4 /* LoginViewController.swift in Sources */ = {isa = PBXBuildFile; fileRef = E1432241272FE89B0028DAE4 /* LoginViewController.swift */; };
		E1432246272FF1EA0028DAE4 /* File.swift in Sources */ = {isa = PBXBuildFile; fileRef = E1432245272FF1EA0028DAE4 /* File.swift */; };
		E14426CF2731174700EC86D1 /* MainPageViewController.swift in Sources */ = {isa = PBXBuildFile; fileRef = E14426CE2731174700EC86D1 /* MainPageViewController.swift */; };
		E14426D6273186D300EC86D1 /* EventCollectionViewCell.swift in Sources */ = {isa = PBXBuildFile; fileRef = E14426D4273186D300EC86D1 /* EventCollectionViewCell.swift */; };
		E14426D7273186D300EC86D1 /* EventCollectionViewCell.xib in Resources */ = {isa = PBXBuildFile; fileRef = E14426D5273186D300EC86D1 /* EventCollectionViewCell.xib */; };
		E1E944F9273233C90047ABA8 /* CommunityView.swift in Sources */ = {isa = PBXBuildFile; fileRef = E1E944F8273233C90047ABA8 /* CommunityView.swift */; };
		E1E944FD273257010047ABA8 /* TabBarController.swift in Sources */ = {isa = PBXBuildFile; fileRef = E1E944FC273257010047ABA8 /* TabBarController.swift */; };
		E1E9450027325E400047ABA8 /* GuideViewContorller.swift in Sources */ = {isa = PBXBuildFile; fileRef = E1E944FF27325E400047ABA8 /* GuideViewContorller.swift */; };
		E1E9450227325E560047ABA8 /* Guide.storyboard in Resources */ = {isa = PBXBuildFile; fileRef = E1E9450127325E560047ABA8 /* Guide.storyboard */; };
		E1E94504273261A50047ABA8 /* ModalHeaderView.swift in Sources */ = {isa = PBXBuildFile; fileRef = E1E94503273261A50047ABA8 /* ModalHeaderView.swift */; };
		E1E9450727326AD30047ABA8 /* GuideTableViewCell.swift in Sources */ = {isa = PBXBuildFile; fileRef = E1E9450527326AD30047ABA8 /* GuideTableViewCell.swift */; };
		E1E9450827326AD30047ABA8 /* GuideTableViewCell.xib in Resources */ = {isa = PBXBuildFile; fileRef = E1E9450627326AD30047ABA8 /* GuideTableViewCell.xib */; };
/* End PBXBuildFile section */

/* Begin PBXContainerItemProxy section */
		E14321DE272FA1740028DAE4 /* PBXContainerItemProxy */ = {
			isa = PBXContainerItemProxy;
			containerPortal = E14321BC272FA1730028DAE4 /* Project object */;
			proxyType = 1;
			remoteGlobalIDString = E14321C3272FA1730028DAE4;
			remoteInfo = DailyGreen;
		};
		E14321E8272FA1740028DAE4 /* PBXContainerItemProxy */ = {
			isa = PBXContainerItemProxy;
			containerPortal = E14321BC272FA1730028DAE4 /* Project object */;
			proxyType = 1;
			remoteGlobalIDString = E14321C3272FA1730028DAE4;
			remoteInfo = DailyGreen;
		};
/* End PBXContainerItemProxy section */

/* Begin PBXFileReference section */
		08DA7BE0CD4CD5509D591632 /* Pods_DailyGreenTests.framework */ = {isa = PBXFileReference; explicitFileType = wrapper.framework; includeInIndex = 0; path = Pods_DailyGreenTests.framework; sourceTree = BUILT_PRODUCTS_DIR; };
		0C17ECBCB258CEF585D56D08 /* Pods-DailyGreen.debug.xcconfig */ = {isa = PBXFileReference; includeInIndex = 1; lastKnownFileType = text.xcconfig; name = "Pods-DailyGreen.debug.xcconfig"; path = "Target Support Files/Pods-DailyGreen/Pods-DailyGreen.debug.xcconfig"; sourceTree = "<group>"; };
		1DF892AA2616F6DC19E4DD84 /* Pods_DailyGreen.framework */ = {isa = PBXFileReference; explicitFileType = wrapper.framework; includeInIndex = 0; path = Pods_DailyGreen.framework; sourceTree = BUILT_PRODUCTS_DIR; };
		3B8CF347F58E027ABF1B8328 /* Pods-DailyGreenTests.release.xcconfig */ = {isa = PBXFileReference; includeInIndex = 1; lastKnownFileType = text.xcconfig; name = "Pods-DailyGreenTests.release.xcconfig"; path = "Target Support Files/Pods-DailyGreenTests/Pods-DailyGreenTests.release.xcconfig"; sourceTree = "<group>"; };
		4108E432378FF9188008EA5C /* Pods-DailyGreen.release.xcconfig */ = {isa = PBXFileReference; includeInIndex = 1; lastKnownFileType = text.xcconfig; name = "Pods-DailyGreen.release.xcconfig"; path = "Target Support Files/Pods-DailyGreen/Pods-DailyGreen.release.xcconfig"; sourceTree = "<group>"; };
		6B11340D6F972FE9EE30AE1F /* Pods-DailyGreenTests.debug.xcconfig */ = {isa = PBXFileReference; includeInIndex = 1; lastKnownFileType = text.xcconfig; name = "Pods-DailyGreenTests.debug.xcconfig"; path = "Target Support Files/Pods-DailyGreenTests/Pods-DailyGreenTests.debug.xcconfig"; sourceTree = "<group>"; };
		9423EBBF36F650403DBE2F7E /* Pods-DailyGreen-DailyGreenUITests.release.xcconfig */ = {isa = PBXFileReference; includeInIndex = 1; lastKnownFileType = text.xcconfig; name = "Pods-DailyGreen-DailyGreenUITests.release.xcconfig"; path = "Target Support Files/Pods-DailyGreen-DailyGreenUITests/Pods-DailyGreen-DailyGreenUITests.release.xcconfig"; sourceTree = "<group>"; };
		B356A68AC9BDFE13FB71E028 /* Pods_DailyGreen_DailyGreenUITests.framework */ = {isa = PBXFileReference; explicitFileType = wrapper.framework; includeInIndex = 0; path = Pods_DailyGreen_DailyGreenUITests.framework; sourceTree = BUILT_PRODUCTS_DIR; };
		B7F85B075FE28FFEDC2A394B /* Pods-DailyGreen-DailyGreenUITests.debug.xcconfig */ = {isa = PBXFileReference; includeInIndex = 1; lastKnownFileType = text.xcconfig; name = "Pods-DailyGreen-DailyGreenUITests.debug.xcconfig"; path = "Target Support Files/Pods-DailyGreen-DailyGreenUITests/Pods-DailyGreen-DailyGreenUITests.debug.xcconfig"; sourceTree = "<group>"; };
		E14321C4272FA1730028DAE4 /* DailyGreen.app */ = {isa = PBXFileReference; explicitFileType = wrapper.application; includeInIndex = 0; path = DailyGreen.app; sourceTree = BUILT_PRODUCTS_DIR; };
		E14321C7272FA1730028DAE4 /* AppDelegate.swift */ = {isa = PBXFileReference; lastKnownFileType = sourcecode.swift; path = AppDelegate.swift; sourceTree = "<group>"; };
		E14321C9272FA1730028DAE4 /* SceneDelegate.swift */ = {isa = PBXFileReference; lastKnownFileType = sourcecode.swift; path = SceneDelegate.swift; sourceTree = "<group>"; };
		E14321CB272FA1730028DAE4 /* ViewController.swift */ = {isa = PBXFileReference; lastKnownFileType = sourcecode.swift; path = ViewController.swift; sourceTree = "<group>"; };
		E14321CE272FA1730028DAE4 /* Base */ = {isa = PBXFileReference; lastKnownFileType = file.storyboard; name = Base; path = Base.lproj/Main.storyboard; sourceTree = "<group>"; };
		E14321D1272FA1730028DAE4 /* DailyGreen.xcdatamodel */ = {isa = PBXFileReference; lastKnownFileType = wrapper.xcdatamodel; path = DailyGreen.xcdatamodel; sourceTree = "<group>"; };
		E14321D3272FA1740028DAE4 /* Assets.xcassets */ = {isa = PBXFileReference; lastKnownFileType = folder.assetcatalog; path = Assets.xcassets; sourceTree = "<group>"; };
		E14321D6272FA1740028DAE4 /* Base */ = {isa = PBXFileReference; lastKnownFileType = file.storyboard; name = Base; path = Base.lproj/LaunchScreen.storyboard; sourceTree = "<group>"; };
		E14321D8272FA1740028DAE4 /* Info.plist */ = {isa = PBXFileReference; lastKnownFileType = text.plist.xml; path = Info.plist; sourceTree = "<group>"; };
		E14321DD272FA1740028DAE4 /* DailyGreenTests.xctest */ = {isa = PBXFileReference; explicitFileType = wrapper.cfbundle; includeInIndex = 0; path = DailyGreenTests.xctest; sourceTree = BUILT_PRODUCTS_DIR; };
		E14321E1272FA1740028DAE4 /* DailyGreenTests.swift */ = {isa = PBXFileReference; lastKnownFileType = sourcecode.swift; path = DailyGreenTests.swift; sourceTree = "<group>"; };
		E14321E7272FA1740028DAE4 /* DailyGreenUITests.xctest */ = {isa = PBXFileReference; explicitFileType = wrapper.cfbundle; includeInIndex = 0; path = DailyGreenUITests.xctest; sourceTree = BUILT_PRODUCTS_DIR; };
		E14321EB272FA1740028DAE4 /* DailyGreenUITests.swift */ = {isa = PBXFileReference; lastKnownFileType = sourcecode.swift; path = DailyGreenUITests.swift; sourceTree = "<group>"; };
		E14321ED272FA1740028DAE4 /* DailyGreenUITestsLaunchTests.swift */ = {isa = PBXFileReference; lastKnownFileType = sourcecode.swift; path = DailyGreenUITestsLaunchTests.swift; sourceTree = "<group>"; };
		E1432220272FA6850028DAE4 /* Font.swift */ = {isa = PBXFileReference; lastKnownFileType = sourcecode.swift; path = Font.swift; sourceTree = "<group>"; };
		E1432226272FB76E0028DAE4 /* NanumSquareB.ttf */ = {isa = PBXFileReference; lastKnownFileType = file; name = NanumSquareB.ttf; path = Assets/Font/NanumSquareB.ttf; sourceTree = SOURCE_ROOT; };
		E1432228272FC1CF0028DAE4 /* UserDefault.swift */ = {isa = PBXFileReference; lastKnownFileType = sourcecode.swift; path = UserDefault.swift; sourceTree = "<group>"; };
		E143222A272FC61B0028DAE4 /* OnboardViewController.swift */ = {isa = PBXFileReference; lastKnownFileType = sourcecode.swift; path = OnboardViewController.swift; sourceTree = "<group>"; };
		E1432231272FCA9C0028DAE4 /* OnboardingView1.swift */ = {isa = PBXFileReference; lastKnownFileType = sourcecode.swift; path = OnboardingView1.swift; sourceTree = "<group>"; };
		E1432234272FCC000028DAE4 /* Color.swift */ = {isa = PBXFileReference; lastKnownFileType = sourcecode.swift; path = Color.swift; sourceTree = "<group>"; };
		E1432236272FD6AF0028DAE4 /* NanumSquareR.ttf */ = {isa = PBXFileReference; lastKnownFileType = file; name = NanumSquareR.ttf; path = Assets/Font/NanumSquareR.ttf; sourceTree = SOURCE_ROOT; };
		E1432238272FDA890028DAE4 /* OnboardingView2.swift */ = {isa = PBXFileReference; lastKnownFileType = sourcecode.swift; path = OnboardingView2.swift; sourceTree = "<group>"; };
		E143223A272FDC9C0028DAE4 /* OnboardingView3.swift */ = {isa = PBXFileReference; lastKnownFileType = sourcecode.swift; path = OnboardingView3.swift; sourceTree = "<group>"; };
		E143223C272FDCA20028DAE4 /* OnboardingView4.swift */ = {isa = PBXFileReference; lastKnownFileType = sourcecode.swift; path = OnboardingView4.swift; sourceTree = "<group>"; };
		E143223E272FE3D00028DAE4 /* UIViewController.swift */ = {isa = PBXFileReference; lastKnownFileType = sourcecode.swift; path = UIViewController.swift; sourceTree = "<group>"; };
		E1432241272FE89B0028DAE4 /* LoginViewController.swift */ = {isa = PBXFileReference; lastKnownFileType = sourcecode.swift; path = LoginViewController.swift; sourceTree = "<group>"; };
		E1432243272FE98F0028DAE4 /* DailyGreen.entitlements */ = {isa = PBXFileReference; lastKnownFileType = text.plist.entitlements; path = DailyGreen.entitlements; sourceTree = "<group>"; };
		E1432245272FF1EA0028DAE4 /* File.swift */ = {isa = PBXFileReference; lastKnownFileType = sourcecode.swift; path = File.swift; sourceTree = "<group>"; };
		E14426CE2731174700EC86D1 /* MainPageViewController.swift */ = {isa = PBXFileReference; lastKnownFileType = sourcecode.swift; path = MainPageViewController.swift; sourceTree = "<group>"; };
		E14426D4273186D300EC86D1 /* EventCollectionViewCell.swift */ = {isa = PBXFileReference; lastKnownFileType = sourcecode.swift; path = EventCollectionViewCell.swift; sourceTree = "<group>"; };
		E14426D5273186D300EC86D1 /* EventCollectionViewCell.xib */ = {isa = PBXFileReference; lastKnownFileType = file.xib; path = EventCollectionViewCell.xib; sourceTree = "<group>"; };
		E1E944F8273233C90047ABA8 /* CommunityView.swift */ = {isa = PBXFileReference; lastKnownFileType = sourcecode.swift; path = CommunityView.swift; sourceTree = "<group>"; };
		E1E944FC273257010047ABA8 /* TabBarController.swift */ = {isa = PBXFileReference; lastKnownFileType = sourcecode.swift; path = TabBarController.swift; sourceTree = "<group>"; };
		E1E944FF27325E400047ABA8 /* GuideViewContorller.swift */ = {isa = PBXFileReference; lastKnownFileType = sourcecode.swift; path = GuideViewContorller.swift; sourceTree = "<group>"; };
		E1E9450127325E560047ABA8 /* Guide.storyboard */ = {isa = PBXFileReference; lastKnownFileType = file.storyboard; path = Guide.storyboard; sourceTree = "<group>"; };
		E1E94503273261A50047ABA8 /* ModalHeaderView.swift */ = {isa = PBXFileReference; lastKnownFileType = sourcecode.swift; path = ModalHeaderView.swift; sourceTree = "<group>"; };
		E1E9450527326AD30047ABA8 /* GuideTableViewCell.swift */ = {isa = PBXFileReference; lastKnownFileType = sourcecode.swift; path = GuideTableViewCell.swift; sourceTree = "<group>"; };
		E1E9450627326AD30047ABA8 /* GuideTableViewCell.xib */ = {isa = PBXFileReference; lastKnownFileType = file.xib; path = GuideTableViewCell.xib; sourceTree = "<group>"; };
/* End PBXFileReference section */

/* Begin PBXFrameworksBuildPhase section */
		E14321C1272FA1730028DAE4 /* Frameworks */ = {
			isa = PBXFrameworksBuildPhase;
			buildActionMask = 2147483647;
			files = (
				7719463CA79074A34312A80F /* Pods_DailyGreen.framework in Frameworks */,
			);
			runOnlyForDeploymentPostprocessing = 0;
		};
		E14321DA272FA1740028DAE4 /* Frameworks */ = {
			isa = PBXFrameworksBuildPhase;
			buildActionMask = 2147483647;
			files = (
				C42D0C952DFC2370BC91FB3A /* Pods_DailyGreenTests.framework in Frameworks */,
			);
			runOnlyForDeploymentPostprocessing = 0;
		};
		E14321E4272FA1740028DAE4 /* Frameworks */ = {
			isa = PBXFrameworksBuildPhase;
			buildActionMask = 2147483647;
			files = (
				4A021E3F574DCD5B76011FDE /* Pods_DailyGreen_DailyGreenUITests.framework in Frameworks */,
			);
			runOnlyForDeploymentPostprocessing = 0;
		};
/* End PBXFrameworksBuildPhase section */

/* Begin PBXGroup section */
		09357EB9E66C4B91BDB4B1BF /* Pods */ = {
			isa = PBXGroup;
			children = (
				0C17ECBCB258CEF585D56D08 /* Pods-DailyGreen.debug.xcconfig */,
				4108E432378FF9188008EA5C /* Pods-DailyGreen.release.xcconfig */,
				B7F85B075FE28FFEDC2A394B /* Pods-DailyGreen-DailyGreenUITests.debug.xcconfig */,
				9423EBBF36F650403DBE2F7E /* Pods-DailyGreen-DailyGreenUITests.release.xcconfig */,
				6B11340D6F972FE9EE30AE1F /* Pods-DailyGreenTests.debug.xcconfig */,
				3B8CF347F58E027ABF1B8328 /* Pods-DailyGreenTests.release.xcconfig */,
			);
			path = Pods;
			sourceTree = "<group>";
		};
		B6B73CFCAC930EAB8648F80D /* Frameworks */ = {
			isa = PBXGroup;
			children = (
				1DF892AA2616F6DC19E4DD84 /* Pods_DailyGreen.framework */,
				B356A68AC9BDFE13FB71E028 /* Pods_DailyGreen_DailyGreenUITests.framework */,
				08DA7BE0CD4CD5509D591632 /* Pods_DailyGreenTests.framework */,
			);
			name = Frameworks;
			sourceTree = "<group>";
		};
		E14321BB272FA1730028DAE4 = {
			isa = PBXGroup;
			children = (
				E14321C6272FA1730028DAE4 /* DailyGreen */,
				E14321E0272FA1740028DAE4 /* DailyGreenTests */,
				E14321EA272FA1740028DAE4 /* DailyGreenUITests */,
				E14321C5272FA1730028DAE4 /* Products */,
				09357EB9E66C4B91BDB4B1BF /* Pods */,
				B6B73CFCAC930EAB8648F80D /* Frameworks */,
			);
			sourceTree = "<group>";
		};
		E14321C5272FA1730028DAE4 /* Products */ = {
			isa = PBXGroup;
			children = (
				E14321C4272FA1730028DAE4 /* DailyGreen.app */,
				E14321DD272FA1740028DAE4 /* DailyGreenTests.xctest */,
				E14321E7272FA1740028DAE4 /* DailyGreenUITests.xctest */,
			);
			name = Products;
			sourceTree = "<group>";
		};
		E14321C6272FA1730028DAE4 /* DailyGreen */ = {
			isa = PBXGroup;
			children = (
				E1432243272FE98F0028DAE4 /* DailyGreen.entitlements */,
				E1432244272FF1DF0028DAE4 /* Secret */,
				E14321FE272FA4570028DAE4 /* Configuration */,
				E14321FA272FA2DB0028DAE4 /* Model */,
				E14321C9272FA1730028DAE4 /* SceneDelegate.swift */,
				E14321C7272FA1730028DAE4 /* AppDelegate.swift */,
				E14321FC272FA2E20028DAE4 /* View */,
				E14321FD272FA2EC0028DAE4 /* Controller */,
				E14321D3272FA1740028DAE4 /* Assets.xcassets */,
				E14321D5272FA1740028DAE4 /* LaunchScreen.storyboard */,
				E14321D8272FA1740028DAE4 /* Info.plist */,
				E14321D0272FA1730028DAE4 /* DailyGreen.xcdatamodeld */,
			);
			path = DailyGreen;
			sourceTree = "<group>";
		};
		E14321E0272FA1740028DAE4 /* DailyGreenTests */ = {
			isa = PBXGroup;
			children = (
				E14321E1272FA1740028DAE4 /* DailyGreenTests.swift */,
			);
			path = DailyGreenTests;
			sourceTree = "<group>";
		};
		E14321EA272FA1740028DAE4 /* DailyGreenUITests */ = {
			isa = PBXGroup;
			children = (
				E14321EB272FA1740028DAE4 /* DailyGreenUITests.swift */,
				E14321ED272FA1740028DAE4 /* DailyGreenUITestsLaunchTests.swift */,
			);
			path = DailyGreenUITests;
			sourceTree = "<group>";
		};
		E14321FA272FA2DB0028DAE4 /* Model */ = {
			isa = PBXGroup;
			children = (
				E1432228272FC1CF0028DAE4 /* UserDefault.swift */,
			);
			path = Model;
			sourceTree = "<group>";
		};
		E14321FC272FA2E20028DAE4 /* View */ = {
			isa = PBXGroup;
			children = (
				E14321CD272FA1730028DAE4 /* Main.storyboard */,
				E14321CB272FA1730028DAE4 /* ViewController.swift */,
				E14426CB27310E2800EC86D1 /* MainPage */,
				E1432240272FE88A0028DAE4 /* LoginView */,
				E1432230272FCA860028DAE4 /* OnboardingVIew */,
			);
			path = View;
			sourceTree = "<group>";
		};
		E14321FD272FA2EC0028DAE4 /* Controller */ = {
			isa = PBXGroup;
			children = (
			);
			path = Controller;
			sourceTree = "<group>";
		};
		E14321FE272FA4570028DAE4 /* Configuration */ = {
			isa = PBXGroup;
			children = (
				E1E944FB273256F60047ABA8 /* CustomClass */,
				E1432233272FCBF60028DAE4 /* Extension */,
				E14321FF272FA45F0028DAE4 /* Font */,
			);
			path = Configuration;
			sourceTree = "<group>";
		};
		E14321FF272FA45F0028DAE4 /* Font */ = {
			isa = PBXGroup;
			children = (
				E1432220272FA6850028DAE4 /* Font.swift */,
				E1432226272FB76E0028DAE4 /* NanumSquareB.ttf */,
				E1432236272FD6AF0028DAE4 /* NanumSquareR.ttf */,
			);
			path = Font;
			sourceTree = "<group>";
		};
		E1432230272FCA860028DAE4 /* OnboardingVIew */ = {
			isa = PBXGroup;
			children = (
				E143222A272FC61B0028DAE4 /* OnboardViewController.swift */,
				E1432231272FCA9C0028DAE4 /* OnboardingView1.swift */,
				E1432238272FDA890028DAE4 /* OnboardingView2.swift */,
				E143223A272FDC9C0028DAE4 /* OnboardingView3.swift */,
				E143223C272FDCA20028DAE4 /* OnboardingView4.swift */,
			);
			path = OnboardingVIew;
			sourceTree = "<group>";
		};
		E1432233272FCBF60028DAE4 /* Extension */ = {
			isa = PBXGroup;
			children = (
				E1432234272FCC000028DAE4 /* Color.swift */,
				E143223E272FE3D00028DAE4 /* UIViewController.swift */,
			);
			path = Extension;
			sourceTree = "<group>";
		};
		E1432240272FE88A0028DAE4 /* LoginView */ = {
			isa = PBXGroup;
			children = (
				E1432241272FE89B0028DAE4 /* LoginViewController.swift */,
			);
			path = LoginView;
			sourceTree = "<group>";
		};
		E1432244272FF1DF0028DAE4 /* Secret */ = {
			isa = PBXGroup;
			children = (
				E1432245272FF1EA0028DAE4 /* File.swift */,
			);
			path = Secret;
			sourceTree = "<group>";
		};
		E14426CB27310E2800EC86D1 /* MainPage */ = {
			isa = PBXGroup;
			children = (
				E1E944FE27325E280047ABA8 /* GuidePage */,
				E14426CE2731174700EC86D1 /* MainPageViewController.swift */,
				E14426D4273186D300EC86D1 /* EventCollectionViewCell.swift */,
				E14426D5273186D300EC86D1 /* EventCollectionViewCell.xib */,
				E1E944F8273233C90047ABA8 /* CommunityView.swift */,
			);
			path = MainPage;
			sourceTree = "<group>";
		};
		E1E944FB273256F60047ABA8 /* CustomClass */ = {
			isa = PBXGroup;
			children = (
				E1E944FC273257010047ABA8 /* TabBarController.swift */,
				E1E94503273261A50047ABA8 /* ModalHeaderView.swift */,
			);
			path = CustomClass;
			sourceTree = "<group>";
		};
		E1E944FE27325E280047ABA8 /* GuidePage */ = {
			isa = PBXGroup;
			children = (
				E1E944FF27325E400047ABA8 /* GuideViewContorller.swift */,
				E1E9450127325E560047ABA8 /* Guide.storyboard */,
				E1E9450527326AD30047ABA8 /* GuideTableViewCell.swift */,
				E1E9450627326AD30047ABA8 /* GuideTableViewCell.xib */,
			);
			path = GuidePage;
			sourceTree = "<group>";
		};
/* End PBXGroup section */

/* Begin PBXNativeTarget section */
		E14321C3272FA1730028DAE4 /* DailyGreen */ = {
			isa = PBXNativeTarget;
			buildConfigurationList = E14321F1272FA1740028DAE4 /* Build configuration list for PBXNativeTarget "DailyGreen" */;
			buildPhases = (
				4CE35F453AE8E69BFD819AD7 /* [CP] Check Pods Manifest.lock */,
				E14321C0272FA1730028DAE4 /* Sources */,
				E14321C1272FA1730028DAE4 /* Frameworks */,
				E14321C2272FA1730028DAE4 /* Resources */,
				9B6B0810ABE852C79787152C /* [CP] Embed Pods Frameworks */,
			);
			buildRules = (
			);
			dependencies = (
			);
			name = DailyGreen;
			productName = DailyGreen;
			productReference = E14321C4272FA1730028DAE4 /* DailyGreen.app */;
			productType = "com.apple.product-type.application";
		};
		E14321DC272FA1740028DAE4 /* DailyGreenTests */ = {
			isa = PBXNativeTarget;
			buildConfigurationList = E14321F4272FA1740028DAE4 /* Build configuration list for PBXNativeTarget "DailyGreenTests" */;
			buildPhases = (
				BCC7EB83BF98B824A83992B8 /* [CP] Check Pods Manifest.lock */,
				E14321D9272FA1740028DAE4 /* Sources */,
				E14321DA272FA1740028DAE4 /* Frameworks */,
				E14321DB272FA1740028DAE4 /* Resources */,
			);
			buildRules = (
			);
			dependencies = (
				E14321DF272FA1740028DAE4 /* PBXTargetDependency */,
			);
			name = DailyGreenTests;
			productName = DailyGreenTests;
			productReference = E14321DD272FA1740028DAE4 /* DailyGreenTests.xctest */;
			productType = "com.apple.product-type.bundle.unit-test";
		};
		E14321E6272FA1740028DAE4 /* DailyGreenUITests */ = {
			isa = PBXNativeTarget;
			buildConfigurationList = E14321F7272FA1740028DAE4 /* Build configuration list for PBXNativeTarget "DailyGreenUITests" */;
			buildPhases = (
				EBCAD83DADF70431C773B41A /* [CP] Check Pods Manifest.lock */,
				E14321E3272FA1740028DAE4 /* Sources */,
				E14321E4272FA1740028DAE4 /* Frameworks */,
				E14321E5272FA1740028DAE4 /* Resources */,
				CA4B415BCDE32C26CA3D203E /* [CP] Embed Pods Frameworks */,
			);
			buildRules = (
			);
			dependencies = (
				E14321E9272FA1740028DAE4 /* PBXTargetDependency */,
			);
			name = DailyGreenUITests;
			productName = DailyGreenUITests;
			productReference = E14321E7272FA1740028DAE4 /* DailyGreenUITests.xctest */;
			productType = "com.apple.product-type.bundle.ui-testing";
		};
/* End PBXNativeTarget section */

/* Begin PBXProject section */
		E14321BC272FA1730028DAE4 /* Project object */ = {
			isa = PBXProject;
			attributes = {
				BuildIndependentTargetsInParallel = 1;
				LastSwiftUpdateCheck = 1310;
				LastUpgradeCheck = 1310;
				TargetAttributes = {
					E14321C3272FA1730028DAE4 = {
						CreatedOnToolsVersion = 13.1;
					};
					E14321DC272FA1740028DAE4 = {
						CreatedOnToolsVersion = 13.1;
						TestTargetID = E14321C3272FA1730028DAE4;
					};
					E14321E6272FA1740028DAE4 = {
						CreatedOnToolsVersion = 13.1;
						TestTargetID = E14321C3272FA1730028DAE4;
					};
				};
			};
			buildConfigurationList = E14321BF272FA1730028DAE4 /* Build configuration list for PBXProject "DailyGreen" */;
			compatibilityVersion = "Xcode 13.0";
			developmentRegion = en;
			hasScannedForEncodings = 0;
			knownRegions = (
				en,
				Base,
			);
			mainGroup = E14321BB272FA1730028DAE4;
			productRefGroup = E14321C5272FA1730028DAE4 /* Products */;
			projectDirPath = "";
			projectRoot = "";
			targets = (
				E14321C3272FA1730028DAE4 /* DailyGreen */,
				E14321DC272FA1740028DAE4 /* DailyGreenTests */,
				E14321E6272FA1740028DAE4 /* DailyGreenUITests */,
			);
		};
/* End PBXProject section */

/* Begin PBXResourcesBuildPhase section */
		E14321C2272FA1730028DAE4 /* Resources */ = {
			isa = PBXResourcesBuildPhase;
			buildActionMask = 2147483647;
			files = (
				E1E9450827326AD30047ABA8 /* GuideTableViewCell.xib in Resources */,
				E1E9450227325E560047ABA8 /* Guide.storyboard in Resources */,
				E14321D7272FA1740028DAE4 /* LaunchScreen.storyboard in Resources */,
				E14321D4272FA1740028DAE4 /* Assets.xcassets in Resources */,
				E1432237272FD6AF0028DAE4 /* NanumSquareR.ttf in Resources */,
				E1432227272FB76E0028DAE4 /* NanumSquareB.ttf in Resources */,
				E14321CF272FA1730028DAE4 /* Main.storyboard in Resources */,
				E14426D7273186D300EC86D1 /* EventCollectionViewCell.xib in Resources */,
			);
			runOnlyForDeploymentPostprocessing = 0;
		};
		E14321DB272FA1740028DAE4 /* Resources */ = {
			isa = PBXResourcesBuildPhase;
			buildActionMask = 2147483647;
			files = (
			);
			runOnlyForDeploymentPostprocessing = 0;
		};
		E14321E5272FA1740028DAE4 /* Resources */ = {
			isa = PBXResourcesBuildPhase;
			buildActionMask = 2147483647;
			files = (
			);
			runOnlyForDeploymentPostprocessing = 0;
		};
/* End PBXResourcesBuildPhase section */

/* Begin PBXShellScriptBuildPhase section */
		4CE35F453AE8E69BFD819AD7 /* [CP] Check Pods Manifest.lock */ = {
			isa = PBXShellScriptBuildPhase;
			buildActionMask = 2147483647;
			files = (
			);
			inputFileListPaths = (
			);
			inputPaths = (
				"${PODS_PODFILE_DIR_PATH}/Podfile.lock",
				"${PODS_ROOT}/Manifest.lock",
			);
			name = "[CP] Check Pods Manifest.lock";
			outputFileListPaths = (
			);
			outputPaths = (
				"$(DERIVED_FILE_DIR)/Pods-DailyGreen-checkManifestLockResult.txt",
			);
			runOnlyForDeploymentPostprocessing = 0;
			shellPath = /bin/sh;
			shellScript = "diff \"${PODS_PODFILE_DIR_PATH}/Podfile.lock\" \"${PODS_ROOT}/Manifest.lock\" > /dev/null\nif [ $? != 0 ] ; then\n    # print error to STDERR\n    echo \"error: The sandbox is not in sync with the Podfile.lock. Run 'pod install' or update your CocoaPods installation.\" >&2\n    exit 1\nfi\n# This output is used by Xcode 'outputs' to avoid re-running this script phase.\necho \"SUCCESS\" > \"${SCRIPT_OUTPUT_FILE_0}\"\n";
			showEnvVarsInLog = 0;
		};
		9B6B0810ABE852C79787152C /* [CP] Embed Pods Frameworks */ = {
			isa = PBXShellScriptBuildPhase;
			buildActionMask = 2147483647;
			files = (
			);
			inputFileListPaths = (
				"${PODS_ROOT}/Target Support Files/Pods-DailyGreen/Pods-DailyGreen-frameworks-${CONFIGURATION}-input-files.xcfilelist",
			);
			name = "[CP] Embed Pods Frameworks";
			outputFileListPaths = (
				"${PODS_ROOT}/Target Support Files/Pods-DailyGreen/Pods-DailyGreen-frameworks-${CONFIGURATION}-output-files.xcfilelist",
			);
			runOnlyForDeploymentPostprocessing = 0;
			shellPath = /bin/sh;
			shellScript = "\"${PODS_ROOT}/Target Support Files/Pods-DailyGreen/Pods-DailyGreen-frameworks.sh\"\n";
			showEnvVarsInLog = 0;
		};
		BCC7EB83BF98B824A83992B8 /* [CP] Check Pods Manifest.lock */ = {
			isa = PBXShellScriptBuildPhase;
			buildActionMask = 2147483647;
			files = (
			);
			inputFileListPaths = (
			);
			inputPaths = (
				"${PODS_PODFILE_DIR_PATH}/Podfile.lock",
				"${PODS_ROOT}/Manifest.lock",
			);
			name = "[CP] Check Pods Manifest.lock";
			outputFileListPaths = (
			);
			outputPaths = (
				"$(DERIVED_FILE_DIR)/Pods-DailyGreenTests-checkManifestLockResult.txt",
			);
			runOnlyForDeploymentPostprocessing = 0;
			shellPath = /bin/sh;
			shellScript = "diff \"${PODS_PODFILE_DIR_PATH}/Podfile.lock\" \"${PODS_ROOT}/Manifest.lock\" > /dev/null\nif [ $? != 0 ] ; then\n    # print error to STDERR\n    echo \"error: The sandbox is not in sync with the Podfile.lock. Run 'pod install' or update your CocoaPods installation.\" >&2\n    exit 1\nfi\n# This output is used by Xcode 'outputs' to avoid re-running this script phase.\necho \"SUCCESS\" > \"${SCRIPT_OUTPUT_FILE_0}\"\n";
			showEnvVarsInLog = 0;
		};
		CA4B415BCDE32C26CA3D203E /* [CP] Embed Pods Frameworks */ = {
			isa = PBXShellScriptBuildPhase;
			buildActionMask = 2147483647;
			files = (
			);
			inputFileListPaths = (
				"${PODS_ROOT}/Target Support Files/Pods-DailyGreen-DailyGreenUITests/Pods-DailyGreen-DailyGreenUITests-frameworks-${CONFIGURATION}-input-files.xcfilelist",
			);
			name = "[CP] Embed Pods Frameworks";
			outputFileListPaths = (
				"${PODS_ROOT}/Target Support Files/Pods-DailyGreen-DailyGreenUITests/Pods-DailyGreen-DailyGreenUITests-frameworks-${CONFIGURATION}-output-files.xcfilelist",
			);
			runOnlyForDeploymentPostprocessing = 0;
			shellPath = /bin/sh;
			shellScript = "\"${PODS_ROOT}/Target Support Files/Pods-DailyGreen-DailyGreenUITests/Pods-DailyGreen-DailyGreenUITests-frameworks.sh\"\n";
			showEnvVarsInLog = 0;
		};
		EBCAD83DADF70431C773B41A /* [CP] Check Pods Manifest.lock */ = {
			isa = PBXShellScriptBuildPhase;
			buildActionMask = 2147483647;
			files = (
			);
			inputFileListPaths = (
			);
			inputPaths = (
				"${PODS_PODFILE_DIR_PATH}/Podfile.lock",
				"${PODS_ROOT}/Manifest.lock",
			);
			name = "[CP] Check Pods Manifest.lock";
			outputFileListPaths = (
			);
			outputPaths = (
				"$(DERIVED_FILE_DIR)/Pods-DailyGreen-DailyGreenUITests-checkManifestLockResult.txt",
			);
			runOnlyForDeploymentPostprocessing = 0;
			shellPath = /bin/sh;
			shellScript = "diff \"${PODS_PODFILE_DIR_PATH}/Podfile.lock\" \"${PODS_ROOT}/Manifest.lock\" > /dev/null\nif [ $? != 0 ] ; then\n    # print error to STDERR\n    echo \"error: The sandbox is not in sync with the Podfile.lock. Run 'pod install' or update your CocoaPods installation.\" >&2\n    exit 1\nfi\n# This output is used by Xcode 'outputs' to avoid re-running this script phase.\necho \"SUCCESS\" > \"${SCRIPT_OUTPUT_FILE_0}\"\n";
			showEnvVarsInLog = 0;
		};
/* End PBXShellScriptBuildPhase section */

/* Begin PBXSourcesBuildPhase section */
		E14321C0272FA1730028DAE4 /* Sources */ = {
			isa = PBXSourcesBuildPhase;
			buildActionMask = 2147483647;
			files = (
				E1E9450727326AD30047ABA8 /* GuideTableViewCell.swift in Sources */,
				E14426D6273186D300EC86D1 /* EventCollectionViewCell.swift in Sources */,
				E1432242272FE89B0028DAE4 /* LoginViewController.swift in Sources */,
				E1E944FD273257010047ABA8 /* TabBarController.swift in Sources */,
				E14321CC272FA1730028DAE4 /* ViewController.swift in Sources */,
				E1432229272FC1CF0028DAE4 /* UserDefault.swift in Sources */,
				E1E9450027325E400047ABA8 /* GuideViewContorller.swift in Sources */,
				E14321C8272FA1730028DAE4 /* AppDelegate.swift in Sources */,
				E1432235272FCC000028DAE4 /* Color.swift in Sources */,
				E1432221272FA6850028DAE4 /* Font.swift in Sources */,
				E14321CA272FA1730028DAE4 /* SceneDelegate.swift in Sources */,
				E1432232272FCA9C0028DAE4 /* OnboardingView1.swift in Sources */,
				E143223F272FE3D00028DAE4 /* UIViewController.swift in Sources */,
				E14321D2272FA1730028DAE4 /* DailyGreen.xcdatamodeld in Sources */,
				E1432246272FF1EA0028DAE4 /* File.swift in Sources */,
				E143223B272FDC9C0028DAE4 /* OnboardingView3.swift in Sources */,
				E143222B272FC61B0028DAE4 /* OnboardViewController.swift in Sources */,
				E1E94504273261A50047ABA8 /* ModalHeaderView.swift in Sources */,
				E1E944F9273233C90047ABA8 /* CommunityView.swift in Sources */,
				E1432239272FDA890028DAE4 /* OnboardingView2.swift in Sources */,
				E14426CF2731174700EC86D1 /* MainPageViewController.swift in Sources */,
				E143223D272FDCA20028DAE4 /* OnboardingView4.swift in Sources */,
			);
			runOnlyForDeploymentPostprocessing = 0;
		};
		E14321D9272FA1740028DAE4 /* Sources */ = {
			isa = PBXSourcesBuildPhase;
			buildActionMask = 2147483647;
			files = (
				E14321E2272FA1740028DAE4 /* DailyGreenTests.swift in Sources */,
			);
			runOnlyForDeploymentPostprocessing = 0;
		};
		E14321E3272FA1740028DAE4 /* Sources */ = {
			isa = PBXSourcesBuildPhase;
			buildActionMask = 2147483647;
			files = (
				E14321EE272FA1740028DAE4 /* DailyGreenUITestsLaunchTests.swift in Sources */,
				E14321EC272FA1740028DAE4 /* DailyGreenUITests.swift in Sources */,
			);
			runOnlyForDeploymentPostprocessing = 0;
		};
/* End PBXSourcesBuildPhase section */

/* Begin PBXTargetDependency section */
		E14321DF272FA1740028DAE4 /* PBXTargetDependency */ = {
			isa = PBXTargetDependency;
			target = E14321C3272FA1730028DAE4 /* DailyGreen */;
			targetProxy = E14321DE272FA1740028DAE4 /* PBXContainerItemProxy */;
		};
		E14321E9272FA1740028DAE4 /* PBXTargetDependency */ = {
			isa = PBXTargetDependency;
			target = E14321C3272FA1730028DAE4 /* DailyGreen */;
			targetProxy = E14321E8272FA1740028DAE4 /* PBXContainerItemProxy */;
		};
/* End PBXTargetDependency section */

/* Begin PBXVariantGroup section */
		E14321CD272FA1730028DAE4 /* Main.storyboard */ = {
			isa = PBXVariantGroup;
			children = (
				E14321CE272FA1730028DAE4 /* Base */,
			);
			name = Main.storyboard;
			sourceTree = "<group>";
		};
		E14321D5272FA1740028DAE4 /* LaunchScreen.storyboard */ = {
			isa = PBXVariantGroup;
			children = (
				E14321D6272FA1740028DAE4 /* Base */,
			);
			name = LaunchScreen.storyboard;
			sourceTree = "<group>";
		};
/* End PBXVariantGroup section */

/* Begin XCBuildConfiguration section */
		E14321EF272FA1740028DAE4 /* Debug */ = {
			isa = XCBuildConfiguration;
			buildSettings = {
				ALWAYS_SEARCH_USER_PATHS = NO;
				CLANG_ANALYZER_NONNULL = YES;
				CLANG_ANALYZER_NUMBER_OBJECT_CONVERSION = YES_AGGRESSIVE;
				CLANG_CXX_LANGUAGE_STANDARD = "gnu++17";
				CLANG_CXX_LIBRARY = "libc++";
				CLANG_ENABLE_MODULES = YES;
				CLANG_ENABLE_OBJC_ARC = YES;
				CLANG_ENABLE_OBJC_WEAK = YES;
				CLANG_WARN_BLOCK_CAPTURE_AUTORELEASING = YES;
				CLANG_WARN_BOOL_CONVERSION = YES;
				CLANG_WARN_COMMA = YES;
				CLANG_WARN_CONSTANT_CONVERSION = YES;
				CLANG_WARN_DEPRECATED_OBJC_IMPLEMENTATIONS = YES;
				CLANG_WARN_DIRECT_OBJC_ISA_USAGE = YES_ERROR;
				CLANG_WARN_DOCUMENTATION_COMMENTS = YES;
				CLANG_WARN_EMPTY_BODY = YES;
				CLANG_WARN_ENUM_CONVERSION = YES;
				CLANG_WARN_INFINITE_RECURSION = YES;
				CLANG_WARN_INT_CONVERSION = YES;
				CLANG_WARN_NON_LITERAL_NULL_CONVERSION = YES;
				CLANG_WARN_OBJC_IMPLICIT_RETAIN_SELF = YES;
				CLANG_WARN_OBJC_LITERAL_CONVERSION = YES;
				CLANG_WARN_OBJC_ROOT_CLASS = YES_ERROR;
				CLANG_WARN_QUOTED_INCLUDE_IN_FRAMEWORK_HEADER = YES;
				CLANG_WARN_RANGE_LOOP_ANALYSIS = YES;
				CLANG_WARN_STRICT_PROTOTYPES = YES;
				CLANG_WARN_SUSPICIOUS_MOVE = YES;
				CLANG_WARN_UNGUARDED_AVAILABILITY = YES_AGGRESSIVE;
				CLANG_WARN_UNREACHABLE_CODE = YES;
				CLANG_WARN__DUPLICATE_METHOD_MATCH = YES;
				COPY_PHASE_STRIP = NO;
				DEBUG_INFORMATION_FORMAT = dwarf;
				ENABLE_STRICT_OBJC_MSGSEND = YES;
				ENABLE_TESTABILITY = YES;
				GCC_C_LANGUAGE_STANDARD = gnu11;
				GCC_DYNAMIC_NO_PIC = NO;
				GCC_NO_COMMON_BLOCKS = YES;
				GCC_OPTIMIZATION_LEVEL = 0;
				GCC_PREPROCESSOR_DEFINITIONS = (
					"DEBUG=1",
					"$(inherited)",
				);
				GCC_WARN_64_TO_32_BIT_CONVERSION = YES;
				GCC_WARN_ABOUT_RETURN_TYPE = YES_ERROR;
				GCC_WARN_UNDECLARED_SELECTOR = YES;
				GCC_WARN_UNINITIALIZED_AUTOS = YES_AGGRESSIVE;
				GCC_WARN_UNUSED_FUNCTION = YES;
				GCC_WARN_UNUSED_VARIABLE = YES;
				IPHONEOS_DEPLOYMENT_TARGET = 15.0;
				MTL_ENABLE_DEBUG_INFO = INCLUDE_SOURCE;
				MTL_FAST_MATH = YES;
				ONLY_ACTIVE_ARCH = YES;
				SDKROOT = iphoneos;
				SWIFT_ACTIVE_COMPILATION_CONDITIONS = DEBUG;
				SWIFT_OPTIMIZATION_LEVEL = "-Onone";
			};
			name = Debug;
		};
		E14321F0272FA1740028DAE4 /* Release */ = {
			isa = XCBuildConfiguration;
			buildSettings = {
				ALWAYS_SEARCH_USER_PATHS = NO;
				CLANG_ANALYZER_NONNULL = YES;
				CLANG_ANALYZER_NUMBER_OBJECT_CONVERSION = YES_AGGRESSIVE;
				CLANG_CXX_LANGUAGE_STANDARD = "gnu++17";
				CLANG_CXX_LIBRARY = "libc++";
				CLANG_ENABLE_MODULES = YES;
				CLANG_ENABLE_OBJC_ARC = YES;
				CLANG_ENABLE_OBJC_WEAK = YES;
				CLANG_WARN_BLOCK_CAPTURE_AUTORELEASING = YES;
				CLANG_WARN_BOOL_CONVERSION = YES;
				CLANG_WARN_COMMA = YES;
				CLANG_WARN_CONSTANT_CONVERSION = YES;
				CLANG_WARN_DEPRECATED_OBJC_IMPLEMENTATIONS = YES;
				CLANG_WARN_DIRECT_OBJC_ISA_USAGE = YES_ERROR;
				CLANG_WARN_DOCUMENTATION_COMMENTS = YES;
				CLANG_WARN_EMPTY_BODY = YES;
				CLANG_WARN_ENUM_CONVERSION = YES;
				CLANG_WARN_INFINITE_RECURSION = YES;
				CLANG_WARN_INT_CONVERSION = YES;
				CLANG_WARN_NON_LITERAL_NULL_CONVERSION = YES;
				CLANG_WARN_OBJC_IMPLICIT_RETAIN_SELF = YES;
				CLANG_WARN_OBJC_LITERAL_CONVERSION = YES;
				CLANG_WARN_OBJC_ROOT_CLASS = YES_ERROR;
				CLANG_WARN_QUOTED_INCLUDE_IN_FRAMEWORK_HEADER = YES;
				CLANG_WARN_RANGE_LOOP_ANALYSIS = YES;
				CLANG_WARN_STRICT_PROTOTYPES = YES;
				CLANG_WARN_SUSPICIOUS_MOVE = YES;
				CLANG_WARN_UNGUARDED_AVAILABILITY = YES_AGGRESSIVE;
				CLANG_WARN_UNREACHABLE_CODE = YES;
				CLANG_WARN__DUPLICATE_METHOD_MATCH = YES;
				COPY_PHASE_STRIP = NO;
				DEBUG_INFORMATION_FORMAT = "dwarf-with-dsym";
				ENABLE_NS_ASSERTIONS = NO;
				ENABLE_STRICT_OBJC_MSGSEND = YES;
				GCC_C_LANGUAGE_STANDARD = gnu11;
				GCC_NO_COMMON_BLOCKS = YES;
				GCC_WARN_64_TO_32_BIT_CONVERSION = YES;
				GCC_WARN_ABOUT_RETURN_TYPE = YES_ERROR;
				GCC_WARN_UNDECLARED_SELECTOR = YES;
				GCC_WARN_UNINITIALIZED_AUTOS = YES_AGGRESSIVE;
				GCC_WARN_UNUSED_FUNCTION = YES;
				GCC_WARN_UNUSED_VARIABLE = YES;
				IPHONEOS_DEPLOYMENT_TARGET = 15.0;
				MTL_ENABLE_DEBUG_INFO = NO;
				MTL_FAST_MATH = YES;
				SDKROOT = iphoneos;
				SWIFT_COMPILATION_MODE = wholemodule;
				SWIFT_OPTIMIZATION_LEVEL = "-O";
				VALIDATE_PRODUCT = YES;
			};
			name = Release;
		};
		E14321F2272FA1740028DAE4 /* Debug */ = {
			isa = XCBuildConfiguration;
			baseConfigurationReference = 0C17ECBCB258CEF585D56D08 /* Pods-DailyGreen.debug.xcconfig */;
			buildSettings = {
				ASSETCATALOG_COMPILER_APPICON_NAME = AppIcon;
				ASSETCATALOG_COMPILER_GLOBAL_ACCENT_COLOR_NAME = AccentColor;
				CODE_SIGN_ENTITLEMENTS = DailyGreen/DailyGreen.entitlements;
				CODE_SIGN_STYLE = Automatic;
				CURRENT_PROJECT_VERSION = 1;
				DEVELOPMENT_TEAM = 5KZ5C4UW39;
				GENERATE_INFOPLIST_FILE = YES;
				INFOPLIST_FILE = DailyGreen/Info.plist;
				INFOPLIST_KEY_UIApplicationSupportsIndirectInputEvents = YES;
				INFOPLIST_KEY_UILaunchStoryboardName = LaunchScreen;
				INFOPLIST_KEY_UIMainStoryboardFile = Main;
				INFOPLIST_KEY_UISupportedInterfaceOrientations = UIInterfaceOrientationPortrait;
				INFOPLIST_KEY_UISupportedInterfaceOrientations_iPad = "UIInterfaceOrientationPortrait UIInterfaceOrientationPortraitUpsideDown UIInterfaceOrientationLandscapeLeft UIInterfaceOrientationLandscapeRight";
				INFOPLIST_KEY_UISupportedInterfaceOrientations_iPhone = "UIInterfaceOrientationPortrait UIInterfaceOrientationLandscapeLeft UIInterfaceOrientationLandscapeRight";
				IPHONEOS_DEPLOYMENT_TARGET = 13.0;
				LD_RUNPATH_SEARCH_PATHS = (
					"$(inherited)",
					"@executable_path/Frameworks",
				);
				MARKETING_VERSION = 1.0;
				PRODUCT_BUNDLE_IDENTIFIER = com.jy.DailyGreen;
				PRODUCT_NAME = "$(TARGET_NAME)";
				SWIFT_EMIT_LOC_STRINGS = YES;
				SWIFT_VERSION = 5.0;
				TARGETED_DEVICE_FAMILY = 1;
			};
			name = Debug;
		};
		E14321F3272FA1740028DAE4 /* Release */ = {
			isa = XCBuildConfiguration;
			baseConfigurationReference = 4108E432378FF9188008EA5C /* Pods-DailyGreen.release.xcconfig */;
			buildSettings = {
				ASSETCATALOG_COMPILER_APPICON_NAME = AppIcon;
				ASSETCATALOG_COMPILER_GLOBAL_ACCENT_COLOR_NAME = AccentColor;
				CODE_SIGN_ENTITLEMENTS = DailyGreen/DailyGreen.entitlements;
				CODE_SIGN_STYLE = Automatic;
				CURRENT_PROJECT_VERSION = 1;
				DEVELOPMENT_TEAM = 5KZ5C4UW39;
				GENERATE_INFOPLIST_FILE = YES;
				INFOPLIST_FILE = DailyGreen/Info.plist;
				INFOPLIST_KEY_UIApplicationSupportsIndirectInputEvents = YES;
				INFOPLIST_KEY_UILaunchStoryboardName = LaunchScreen;
				INFOPLIST_KEY_UIMainStoryboardFile = Main;
				INFOPLIST_KEY_UISupportedInterfaceOrientations = UIInterfaceOrientationPortrait;
				INFOPLIST_KEY_UISupportedInterfaceOrientations_iPad = "UIInterfaceOrientationPortrait UIInterfaceOrientationPortraitUpsideDown UIInterfaceOrientationLandscapeLeft UIInterfaceOrientationLandscapeRight";
				INFOPLIST_KEY_UISupportedInterfaceOrientations_iPhone = "UIInterfaceOrientationPortrait UIInterfaceOrientationLandscapeLeft UIInterfaceOrientationLandscapeRight";
				IPHONEOS_DEPLOYMENT_TARGET = 13.0;
				LD_RUNPATH_SEARCH_PATHS = (
					"$(inherited)",
					"@executable_path/Frameworks",
				);
				MARKETING_VERSION = 1.0;
				PRODUCT_BUNDLE_IDENTIFIER = com.jy.DailyGreen;
				PRODUCT_NAME = "$(TARGET_NAME)";
				SWIFT_EMIT_LOC_STRINGS = YES;
				SWIFT_VERSION = 5.0;
				TARGETED_DEVICE_FAMILY = 1;
			};
			name = Release;
		};
		E14321F5272FA1740028DAE4 /* Debug */ = {
			isa = XCBuildConfiguration;
			baseConfigurationReference = 6B11340D6F972FE9EE30AE1F /* Pods-DailyGreenTests.debug.xcconfig */;
			buildSettings = {
				ALWAYS_EMBED_SWIFT_STANDARD_LIBRARIES = YES;
				BUNDLE_LOADER = "$(TEST_HOST)";
				CODE_SIGN_STYLE = Automatic;
				CURRENT_PROJECT_VERSION = 1;
				DEVELOPMENT_TEAM = 5KZ5C4UW39;
				GENERATE_INFOPLIST_FILE = YES;
				IPHONEOS_DEPLOYMENT_TARGET = 15.0;
				LD_RUNPATH_SEARCH_PATHS = (
					"$(inherited)",
					"@executable_path/Frameworks",
					"@loader_path/Frameworks",
				);
				MARKETING_VERSION = 1.0;
				PRODUCT_BUNDLE_IDENTIFIER = jy.DailyGreenTests;
				PRODUCT_NAME = "$(TARGET_NAME)";
				SWIFT_EMIT_LOC_STRINGS = NO;
				SWIFT_VERSION = 5.0;
				TARGETED_DEVICE_FAMILY = "1,2";
				TEST_HOST = "$(BUILT_PRODUCTS_DIR)/DailyGreen.app/DailyGreen";
			};
			name = Debug;
		};
		E14321F6272FA1740028DAE4 /* Release */ = {
			isa = XCBuildConfiguration;
			baseConfigurationReference = 3B8CF347F58E027ABF1B8328 /* Pods-DailyGreenTests.release.xcconfig */;
			buildSettings = {
				ALWAYS_EMBED_SWIFT_STANDARD_LIBRARIES = YES;
				BUNDLE_LOADER = "$(TEST_HOST)";
				CODE_SIGN_STYLE = Automatic;
				CURRENT_PROJECT_VERSION = 1;
				DEVELOPMENT_TEAM = 5KZ5C4UW39;
				GENERATE_INFOPLIST_FILE = YES;
				IPHONEOS_DEPLOYMENT_TARGET = 15.0;
				LD_RUNPATH_SEARCH_PATHS = (
					"$(inherited)",
					"@executable_path/Frameworks",
					"@loader_path/Frameworks",
				);
				MARKETING_VERSION = 1.0;
				PRODUCT_BUNDLE_IDENTIFIER = jy.DailyGreenTests;
				PRODUCT_NAME = "$(TARGET_NAME)";
				SWIFT_EMIT_LOC_STRINGS = NO;
				SWIFT_VERSION = 5.0;
				TARGETED_DEVICE_FAMILY = "1,2";
				TEST_HOST = "$(BUILT_PRODUCTS_DIR)/DailyGreen.app/DailyGreen";
			};
			name = Release;
		};
		E14321F8272FA1740028DAE4 /* Debug */ = {
			isa = XCBuildConfiguration;
			baseConfigurationReference = B7F85B075FE28FFEDC2A394B /* Pods-DailyGreen-DailyGreenUITests.debug.xcconfig */;
			buildSettings = {
				ALWAYS_EMBED_SWIFT_STANDARD_LIBRARIES = YES;
				CODE_SIGN_STYLE = Automatic;
				CURRENT_PROJECT_VERSION = 1;
				DEVELOPMENT_TEAM = 5KZ5C4UW39;
				GENERATE_INFOPLIST_FILE = YES;
				LD_RUNPATH_SEARCH_PATHS = (
					"$(inherited)",
					"@executable_path/Frameworks",
					"@loader_path/Frameworks",
				);
				MARKETING_VERSION = 1.0;
				PRODUCT_BUNDLE_IDENTIFIER = jy.DailyGreenUITests;
				PRODUCT_NAME = "$(TARGET_NAME)";
				SWIFT_EMIT_LOC_STRINGS = NO;
				SWIFT_VERSION = 5.0;
				TARGETED_DEVICE_FAMILY = "1,2";
				TEST_TARGET_NAME = DailyGreen;
			};
			name = Debug;
		};
		E14321F9272FA1740028DAE4 /* Release */ = {
			isa = XCBuildConfiguration;
			baseConfigurationReference = 9423EBBF36F650403DBE2F7E /* Pods-DailyGreen-DailyGreenUITests.release.xcconfig */;
			buildSettings = {
				ALWAYS_EMBED_SWIFT_STANDARD_LIBRARIES = YES;
				CODE_SIGN_STYLE = Automatic;
				CURRENT_PROJECT_VERSION = 1;
				DEVELOPMENT_TEAM = 5KZ5C4UW39;
				GENERATE_INFOPLIST_FILE = YES;
				LD_RUNPATH_SEARCH_PATHS = (
					"$(inherited)",
					"@executable_path/Frameworks",
					"@loader_path/Frameworks",
				);
				MARKETING_VERSION = 1.0;
				PRODUCT_BUNDLE_IDENTIFIER = jy.DailyGreenUITests;
				PRODUCT_NAME = "$(TARGET_NAME)";
				SWIFT_EMIT_LOC_STRINGS = NO;
				SWIFT_VERSION = 5.0;
				TARGETED_DEVICE_FAMILY = "1,2";
				TEST_TARGET_NAME = DailyGreen;
			};
			name = Release;
		};
/* End XCBuildConfiguration section */

/* Begin XCConfigurationList section */
		E14321BF272FA1730028DAE4 /* Build configuration list for PBXProject "DailyGreen" */ = {
			isa = XCConfigurationList;
			buildConfigurations = (
				E14321EF272FA1740028DAE4 /* Debug */,
				E14321F0272FA1740028DAE4 /* Release */,
			);
			defaultConfigurationIsVisible = 0;
			defaultConfigurationName = Release;
		};
		E14321F1272FA1740028DAE4 /* Build configuration list for PBXNativeTarget "DailyGreen" */ = {
			isa = XCConfigurationList;
			buildConfigurations = (
				E14321F2272FA1740028DAE4 /* Debug */,
				E14321F3272FA1740028DAE4 /* Release */,
			);
			defaultConfigurationIsVisible = 0;
			defaultConfigurationName = Release;
		};
		E14321F4272FA1740028DAE4 /* Build configuration list for PBXNativeTarget "DailyGreenTests" */ = {
			isa = XCConfigurationList;
			buildConfigurations = (
				E14321F5272FA1740028DAE4 /* Debug */,
				E14321F6272FA1740028DAE4 /* Release */,
			);
			defaultConfigurationIsVisible = 0;
			defaultConfigurationName = Release;
		};
		E14321F7272FA1740028DAE4 /* Build configuration list for PBXNativeTarget "DailyGreenUITests" */ = {
			isa = XCConfigurationList;
			buildConfigurations = (
				E14321F8272FA1740028DAE4 /* Debug */,
				E14321F9272FA1740028DAE4 /* Release */,
			);
			defaultConfigurationIsVisible = 0;
			defaultConfigurationName = Release;
		};
/* End XCConfigurationList section */

/* Begin XCVersionGroup section */
		E14321D0272FA1730028DAE4 /* DailyGreen.xcdatamodeld */ = {
			isa = XCVersionGroup;
			children = (
				E14321D1272FA1730028DAE4 /* DailyGreen.xcdatamodel */,
			);
			currentVersion = E14321D1272FA1730028DAE4 /* DailyGreen.xcdatamodel */;
			path = DailyGreen.xcdatamodeld;
			sourceTree = "<group>";
			versionGroupType = wrapper.xcdatamodel;
		};
/* End XCVersionGroup section */
	};
	rootObject = E14321BC272FA1730028DAE4 /* Project object */;
}
