// !$*UTF8*$!
{
	archiveVersion = 1;
	classes = {
	};
	objectVersion = 55;
	objects = {

/* Begin PBXBuildFile section */
		6E5273E1BBD57AAF6383EE9E /* Pods_DailyGreenTests.framework in Frameworks */ = {isa = PBXBuildFile; fileRef = F972C54A305860F3A48AD373 /* Pods_DailyGreenTests.framework */; };
		AB964E67871A13F34240DDE8 /* Pods_DailyGreen_DailyGreenUITests.framework in Frameworks */ = {isa = PBXBuildFile; fileRef = E495ED25C705C91183EA472D /* Pods_DailyGreen_DailyGreenUITests.framework */; };
		D381C6B37D5567E3C4197C42 /* Pods_DailyGreen.framework in Frameworks */ = {isa = PBXBuildFile; fileRef = 3BD86E8DB51510697AAFCC9A /* Pods_DailyGreen.framework */; };
		E12838EE27426BD600F1E259 /* CancelCommunityDataManager.swift in Sources */ = {isa = PBXBuildFile; fileRef = E12838ED27426BD600F1E259 /* CancelCommunityDataManager.swift */; };
		E12838F027426BE500F1E259 /* CancelCommunityCodabel.swift in Sources */ = {isa = PBXBuildFile; fileRef = E12838EF27426BE500F1E259 /* CancelCommunityCodabel.swift */; };
		E12838F3274275A700F1E259 /* ShopPagerTabbar.storyboard in Resources */ = {isa = PBXBuildFile; fileRef = E12838F2274275A700F1E259 /* ShopPagerTabbar.storyboard */; };
		E12838F5274275D000F1E259 /* ShopPagerViewController.swift in Sources */ = {isa = PBXBuildFile; fileRef = E12838F4274275D000F1E259 /* ShopPagerViewController.swift */; };
		E12838F72742798500F1E259 /* EntireShopViewController.swift in Sources */ = {isa = PBXBuildFile; fileRef = E12838F62742798500F1E259 /* EntireShopViewController.swift */; };
		E12838F92742799900F1E259 /* BookMarkShopViewController.swift in Sources */ = {isa = PBXBuildFile; fileRef = E12838F82742799900F1E259 /* BookMarkShopViewController.swift */; };
		E12838FD27427C5700F1E259 /* EntireShopTableViewCell.swift in Sources */ = {isa = PBXBuildFile; fileRef = E12838FB27427C5700F1E259 /* EntireShopTableViewCell.swift */; };
		E12838FE27427C5700F1E259 /* EntireShopTableViewCell.xib in Resources */ = {isa = PBXBuildFile; fileRef = E12838FC27427C5700F1E259 /* EntireShopTableViewCell.xib */; };
		E1362C47273451D90045C9EE /* RegisterPhoneViewController.swift in Sources */ = {isa = PBXBuildFile; fileRef = E1362C46273451D90045C9EE /* RegisterPhoneViewController.swift */; };
		E1362C4927345A890045C9EE /* RegisterProfileViewController.swift in Sources */ = {isa = PBXBuildFile; fileRef = E1362C4827345A890045C9EE /* RegisterProfileViewController.swift */; };
		E1362C4D273470BF0045C9EE /* Constant.swift in Sources */ = {isa = PBXBuildFile; fileRef = E1362C4C273470BF0045C9EE /* Constant.swift */; };
		E14321C8272FA1730028DAE4 /* AppDelegate.swift in Sources */ = {isa = PBXBuildFile; fileRef = E14321C7272FA1730028DAE4 /* AppDelegate.swift */; };
		E14321CA272FA1730028DAE4 /* SceneDelegate.swift in Sources */ = {isa = PBXBuildFile; fileRef = E14321C9272FA1730028DAE4 /* SceneDelegate.swift */; };
		E14321CC272FA1730028DAE4 /* ViewController.swift in Sources */ = {isa = PBXBuildFile; fileRef = E14321CB272FA1730028DAE4 /* ViewController.swift */; };
		E14321CF272FA1730028DAE4 /* Main.storyboard in Resources */ = {isa = PBXBuildFile; fileRef = E14321CD272FA1730028DAE4 /* Main.storyboard */; };
		E14321D2272FA1730028DAE4 /* DailyGreen.xcdatamodeld in Sources */ = {isa = PBXBuildFile; fileRef = E14321D0272FA1730028DAE4 /* DailyGreen.xcdatamodeld */; };
		E14321D4272FA1740028DAE4 /* Assets.xcassets in Resources */ = {isa = PBXBuildFile; fileRef = E14321D3272FA1740028DAE4 /* Assets.xcassets */; };
		E14321D7272FA1740028DAE4 /* LaunchScreen.storyboard in Resources */ = {isa = PBXBuildFile; fileRef = E14321D5272FA1740028DAE4 /* LaunchScreen.storyboard */; };
		E14321E2272FA1740028DAE4 /* DailyGreenTests.swift in Sources */ = {isa = PBXBuildFile; fileRef = E14321E1272FA1740028DAE4 /* DailyGreenTests.swift */; };
		E14321EC272FA1740028DAE4 /* DailyGreenUITests.swift in Sources */ = {isa = PBXBuildFile; fileRef = E14321EB272FA1740028DAE4 /* DailyGreenUITests.swift */; };
		E14321EE272FA1740028DAE4 /* DailyGreenUITestsLaunchTests.swift in Sources */ = {isa = PBXBuildFile; fileRef = E14321ED272FA1740028DAE4 /* DailyGreenUITestsLaunchTests.swift */; };
		E1432221272FA6850028DAE4 /* Font.swift in Sources */ = {isa = PBXBuildFile; fileRef = E1432220272FA6850028DAE4 /* Font.swift */; };
		E1432227272FB76E0028DAE4 /* NanumSquareB.ttf in Resources */ = {isa = PBXBuildFile; fileRef = E1432226272FB76E0028DAE4 /* NanumSquareB.ttf */; };
		E1432229272FC1CF0028DAE4 /* UserDefault.swift in Sources */ = {isa = PBXBuildFile; fileRef = E1432228272FC1CF0028DAE4 /* UserDefault.swift */; };
		E143222B272FC61B0028DAE4 /* OnboardViewController.swift in Sources */ = {isa = PBXBuildFile; fileRef = E143222A272FC61B0028DAE4 /* OnboardViewController.swift */; };
		E1432232272FCA9C0028DAE4 /* OnboardingView1.swift in Sources */ = {isa = PBXBuildFile; fileRef = E1432231272FCA9C0028DAE4 /* OnboardingView1.swift */; };
		E1432235272FCC000028DAE4 /* Color.swift in Sources */ = {isa = PBXBuildFile; fileRef = E1432234272FCC000028DAE4 /* Color.swift */; };
		E1432237272FD6AF0028DAE4 /* NanumSquareR.ttf in Resources */ = {isa = PBXBuildFile; fileRef = E1432236272FD6AF0028DAE4 /* NanumSquareR.ttf */; };
		E1432239272FDA890028DAE4 /* OnboardingView2.swift in Sources */ = {isa = PBXBuildFile; fileRef = E1432238272FDA890028DAE4 /* OnboardingView2.swift */; };
		E143223B272FDC9C0028DAE4 /* OnboardingView3.swift in Sources */ = {isa = PBXBuildFile; fileRef = E143223A272FDC9C0028DAE4 /* OnboardingView3.swift */; };
		E143223D272FDCA20028DAE4 /* OnboardingView4.swift in Sources */ = {isa = PBXBuildFile; fileRef = E143223C272FDCA20028DAE4 /* OnboardingView4.swift */; };
		E143223F272FE3D00028DAE4 /* UIViewController.swift in Sources */ = {isa = PBXBuildFile; fileRef = E143223E272FE3D00028DAE4 /* UIViewController.swift */; };
		E1432242272FE89B0028DAE4 /* LoginViewController.swift in Sources */ = {isa = PBXBuildFile; fileRef = E1432241272FE89B0028DAE4 /* LoginViewController.swift */; };
		E1432246272FF1EA0028DAE4 /* File.swift in Sources */ = {isa = PBXBuildFile; fileRef = E1432245272FF1EA0028DAE4 /* File.swift */; };
		E14426CF2731174700EC86D1 /* MainPageViewController.swift in Sources */ = {isa = PBXBuildFile; fileRef = E14426CE2731174700EC86D1 /* MainPageViewController.swift */; };
		E14426D6273186D300EC86D1 /* EventCollectionViewCell.swift in Sources */ = {isa = PBXBuildFile; fileRef = E14426D4273186D300EC86D1 /* EventCollectionViewCell.swift */; };
		E14426D7273186D300EC86D1 /* EventCollectionViewCell.xib in Resources */ = {isa = PBXBuildFile; fileRef = E14426D5273186D300EC86D1 /* EventCollectionViewCell.xib */; };
		E145B9742734F21E007C593B /* NickNameDataManager.swift in Sources */ = {isa = PBXBuildFile; fileRef = E145B9732734F21E007C593B /* NickNameDataManager.swift */; };
		E145B9772734F419007C593B /* NickNameCodable.swift in Sources */ = {isa = PBXBuildFile; fileRef = E145B9762734F419007C593B /* NickNameCodable.swift */; };
		E1467146273D741500DD2037 /* CoParticipateDataManager.swift in Sources */ = {isa = PBXBuildFile; fileRef = E1467145273D741500DD2037 /* CoParticipateDataManager.swift */; };
		E1467148273D742200DD2037 /* CoParticipateResponse.swift in Sources */ = {isa = PBXBuildFile; fileRef = E1467147273D742200DD2037 /* CoParticipateResponse.swift */; };
		E146714A273D772C00DD2037 /* ParticipateView.swift in Sources */ = {isa = PBXBuildFile; fileRef = E1467149273D772C00DD2037 /* ParticipateView.swift */; };
		E14ED2FD2739643700CCBCED /* CommunityViewController.swift in Sources */ = {isa = PBXBuildFile; fileRef = E14ED2FC2739643700CCBCED /* CommunityViewController.swift */; };
		E14ED300273A2BB900CCBCED /* CommunityTableViewCell.swift in Sources */ = {isa = PBXBuildFile; fileRef = E14ED2FE273A2BB900CCBCED /* CommunityTableViewCell.swift */; };
		E14ED301273A2BB900CCBCED /* CommunityTableViewCell.xib in Resources */ = {isa = PBXBuildFile; fileRef = E14ED2FF273A2BB900CCBCED /* CommunityTableViewCell.xib */; };
		E14ED304273A31EC00CCBCED /* CommunityListResponse.swift in Sources */ = {isa = PBXBuildFile; fileRef = E14ED303273A31EC00CCBCED /* CommunityListResponse.swift */; };
		E14ED306273A31F700CCBCED /* CommunityListDataManager.swift in Sources */ = {isa = PBXBuildFile; fileRef = E14ED305273A31F700CCBCED /* CommunityListDataManager.swift */; };
		E14ED308273A396800CCBCED /* CommunityList.swift in Sources */ = {isa = PBXBuildFile; fileRef = E14ED307273A396800CCBCED /* CommunityList.swift */; };
		E14ED30C273A571A00CCBCED /* KakaoRegisterDataManager.swift in Sources */ = {isa = PBXBuildFile; fileRef = E14ED30B273A571A00CCBCED /* KakaoRegisterDataManager.swift */; };
		E14ED30F273A57AE00CCBCED /* KakaoRegisterCodable.swift in Sources */ = {isa = PBXBuildFile; fileRef = E14ED30E273A57AE00CCBCED /* KakaoRegisterCodable.swift */; };
		E1509DB82734006500D0B94C /* NanumSquareEB.ttf in Resources */ = {isa = PBXBuildFile; fileRef = E1509DB72734006500D0B94C /* NanumSquareEB.ttf */; };
		E1509DBA273408F300D0B94C /* Register.storyboard in Resources */ = {isa = PBXBuildFile; fileRef = E1509DB9273408F300D0B94C /* Register.storyboard */; };
		E1509DBC2734093700D0B94C /* RegisterEmailViewController.swift in Sources */ = {isa = PBXBuildFile; fileRef = E1509DBB2734093700D0B94C /* RegisterEmailViewController.swift */; };
		E1509DBE27340CEE00D0B94C /* RegisterNavigationConroller.swift in Sources */ = {isa = PBXBuildFile; fileRef = E1509DBD27340CEE00D0B94C /* RegisterNavigationConroller.swift */; };
		E1534EB32744A88A00E1FA01 /* WriteFeedViewController.swift in Sources */ = {isa = PBXBuildFile; fileRef = E1534EB22744A88A00E1FA01 /* WriteFeedViewController.swift */; };
		E1534EB7274500C800E1FA01 /* PickedImageCollectionViewCell.swift in Sources */ = {isa = PBXBuildFile; fileRef = E1534EB5274500C800E1FA01 /* PickedImageCollectionViewCell.swift */; };
		E1534EB8274500C800E1FA01 /* PickedImageCollectionViewCell.xib in Resources */ = {isa = PBXBuildFile; fileRef = E1534EB6274500C800E1FA01 /* PickedImageCollectionViewCell.xib */; };
		E1534EBC27452AE500E1FA01 /* WriteFeedDataManager.swift in Sources */ = {isa = PBXBuildFile; fileRef = E1534EBB27452AE500E1FA01 /* WriteFeedDataManager.swift */; };
		E1534EBE27452CFA00E1FA01 /* WriteFeedCodable.swift in Sources */ = {isa = PBXBuildFile; fileRef = E1534EBD27452CFA00E1FA01 /* WriteFeedCodable.swift */; };
		E1534EC22746098C00E1FA01 /* FeedDataManager.swift in Sources */ = {isa = PBXBuildFile; fileRef = E1534EC12746098C00E1FA01 /* FeedDataManager.swift */; };
		E1534EC4274609AD00E1FA01 /* FeedResponse.swift in Sources */ = {isa = PBXBuildFile; fileRef = E1534EC3274609AD00E1FA01 /* FeedResponse.swift */; };
		E1534EC7274610EC00E1FA01 /* FeedTableViewCell.swift in Sources */ = {isa = PBXBuildFile; fileRef = E1534EC5274610EC00E1FA01 /* FeedTableViewCell.swift */; };
		E1534EC8274610EC00E1FA01 /* FeedTableViewCell.xib in Resources */ = {isa = PBXBuildFile; fileRef = E1534EC6274610EC00E1FA01 /* FeedTableViewCell.xib */; };
		E1534ECC2746177B00E1FA01 /* FeedCollectionViewCell.swift in Sources */ = {isa = PBXBuildFile; fileRef = E1534ECA2746177B00E1FA01 /* FeedCollectionViewCell.swift */; };
		E1534ECD2746177B00E1FA01 /* FeedCollectionViewCell.xib in Resources */ = {isa = PBXBuildFile; fileRef = E1534ECB2746177B00E1FA01 /* FeedCollectionViewCell.xib */; };
		E1534ED227467A3F00E1FA01 /* LikeDataManager.swift in Sources */ = {isa = PBXBuildFile; fileRef = E1534ED127467A3F00E1FA01 /* LikeDataManager.swift */; };
		E1534ED427467A4B00E1FA01 /* LikeCodable.swift in Sources */ = {isa = PBXBuildFile; fileRef = E1534ED327467A4B00E1FA01 /* LikeCodable.swift */; };
		E15CB80C273E04A100D66360 /* CoSubscribeDataManager.swift in Sources */ = {isa = PBXBuildFile; fileRef = E15CB80B273E04A100D66360 /* CoSubscribeDataManager.swift */; };
		E15CB80E273E04B500D66360 /* CoSubscribeCodabel.swift in Sources */ = {isa = PBXBuildFile; fileRef = E15CB80D273E04B500D66360 /* CoSubscribeCodabel.swift */; };
		E15CB811273E103200D66360 /* PagerTabbar.storyboard in Resources */ = {isa = PBXBuildFile; fileRef = E15CB810273E103200D66360 /* PagerTabbar.storyboard */; };
		E15CB813273E104100D66360 /* PagerTabbarViewController.swift in Sources */ = {isa = PBXBuildFile; fileRef = E15CB812273E104100D66360 /* PagerTabbarViewController.swift */; };
		E15CB815273E12D100D66360 /* MeetingViewController.swift in Sources */ = {isa = PBXBuildFile; fileRef = E15CB814273E12D100D66360 /* MeetingViewController.swift */; };
		E15CB817273E12DB00D66360 /* FeedViewController.swift in Sources */ = {isa = PBXBuildFile; fileRef = E15CB816273E12DB00D66360 /* FeedViewController.swift */; };
		E15CB819273E188A00D66360 /* WorkshopViewController.swift in Sources */ = {isa = PBXBuildFile; fileRef = E15CB818273E188A00D66360 /* WorkshopViewController.swift */; };
		E15CB81C273E35EA00D66360 /* CoCardTableViewCell.swift in Sources */ = {isa = PBXBuildFile; fileRef = E15CB81A273E35EA00D66360 /* CoCardTableViewCell.swift */; };
		E15CB81D273E35EA00D66360 /* CoCardTableViewCell.xib in Resources */ = {isa = PBXBuildFile; fileRef = E15CB81B273E35EA00D66360 /* CoCardTableViewCell.xib */; };
		E19D4E9F2732B1F10024B6FE /* EmailLoginViewController.swift in Sources */ = {isa = PBXBuildFile; fileRef = E19D4E9E2732B1F10024B6FE /* EmailLoginViewController.swift */; };
		E19F5353274140B700B3A28D /* MeetDataManager.swift in Sources */ = {isa = PBXBuildFile; fileRef = E19F5352274140B700B3A28D /* MeetDataManager.swift */; };
		E19F5355274140C600B3A28D /* MeetResponse.swift in Sources */ = {isa = PBXBuildFile; fileRef = E19F5354274140C600B3A28D /* MeetResponse.swift */; };
		E19F535727414E4B00B3A28D /* KakaoLoginDataManager.swift in Sources */ = {isa = PBXBuildFile; fileRef = E19F535627414E4B00B3A28D /* KakaoLoginDataManager.swift */; };
		E19F535927414E5400B3A28D /* KakaoLoginCodable.swift in Sources */ = {isa = PBXBuildFile; fileRef = E19F535827414E5400B3A28D /* KakaoLoginCodable.swift */; };
		E19F535B2741F20A00B3A28D /* UIImageView.swift in Sources */ = {isa = PBXBuildFile; fileRef = E19F535A2741F20A00B3A28D /* UIImageView.swift */; };
		E19F535D2741F56500B3A28D /* ImageCacheManager.swift in Sources */ = {isa = PBXBuildFile; fileRef = E19F535C2741F56500B3A28D /* ImageCacheManager.swift */; };
		E1BBD31B2743F9FA00268BB5 /* WriteScene.storyboard in Resources */ = {isa = PBXBuildFile; fileRef = E1BBD31A2743F9FA00268BB5 /* WriteScene.storyboard */; };
		E1BBD31D2743FC0E00268BB5 /* WriteStep1ViewController.swift in Sources */ = {isa = PBXBuildFile; fileRef = E1BBD31C2743FC0E00268BB5 /* WriteStep1ViewController.swift */; };
		E1CC0F58273E97EB00778650 /* PhoneAuthCodable.swift in Sources */ = {isa = PBXBuildFile; fileRef = E1CC0F57273E97EB00778650 /* PhoneAuthCodable.swift */; };
		E1CC0F5A273E97F600778650 /* PhoneAuthDataManager.swift in Sources */ = {isa = PBXBuildFile; fileRef = E1CC0F59273E97F600778650 /* PhoneAuthDataManager.swift */; };
		E1CC0F5C273E9AA400778650 /* CheckAuthCodable.swift in Sources */ = {isa = PBXBuildFile; fileRef = E1CC0F5B273E9AA400778650 /* CheckAuthCodable.swift */; };
		E1CC0F5E273E9AB200778650 /* CheckAuthDataManager.swift in Sources */ = {isa = PBXBuildFile; fileRef = E1CC0F5D273E9AB200778650 /* CheckAuthDataManager.swift */; };
		E1E944F9273233C90047ABA8 /* CommunityView.swift in Sources */ = {isa = PBXBuildFile; fileRef = E1E944F8273233C90047ABA8 /* CommunityView.swift */; };
		E1E944FD273257010047ABA8 /* TabBarController.swift in Sources */ = {isa = PBXBuildFile; fileRef = E1E944FC273257010047ABA8 /* TabBarController.swift */; };
		E1E9450027325E400047ABA8 /* GuideViewContorller.swift in Sources */ = {isa = PBXBuildFile; fileRef = E1E944FF27325E400047ABA8 /* GuideViewContorller.swift */; };
		E1E9450227325E560047ABA8 /* Guide.storyboard in Resources */ = {isa = PBXBuildFile; fileRef = E1E9450127325E560047ABA8 /* Guide.storyboard */; };
		E1E94504273261A50047ABA8 /* ModalHeaderView.swift in Sources */ = {isa = PBXBuildFile; fileRef = E1E94503273261A50047ABA8 /* ModalHeaderView.swift */; };
		E1E9450727326AD30047ABA8 /* GuideTableViewCell.swift in Sources */ = {isa = PBXBuildFile; fileRef = E1E9450527326AD30047ABA8 /* GuideTableViewCell.swift */; };
		E1E9450827326AD30047ABA8 /* GuideTableViewCell.xib in Resources */ = {isa = PBXBuildFile; fileRef = E1E9450627326AD30047ABA8 /* GuideTableViewCell.xib */; };
		E1F6A1142737ABE100BEFF6A /* UILabel.swift in Sources */ = {isa = PBXBuildFile; fileRef = E1F6A1132737ABE100BEFF6A /* UILabel.swift */; };
		E1F6A1162737C2B000BEFF6A /* DimmingView.swift in Sources */ = {isa = PBXBuildFile; fileRef = E1F6A1152737C2B000BEFF6A /* DimmingView.swift */; };
/* End PBXBuildFile section */

/* Begin PBXContainerItemProxy section */
		E14321DE272FA1740028DAE4 /* PBXContainerItemProxy */ = {
			isa = PBXContainerItemProxy;
			containerPortal = E14321BC272FA1730028DAE4 /* Project object */;
			proxyType = 1;
			remoteGlobalIDString = E14321C3272FA1730028DAE4;
			remoteInfo = DailyGreen;
		};
		E14321E8272FA1740028DAE4 /* PBXContainerItemProxy */ = {
			isa = PBXContainerItemProxy;
			containerPortal = E14321BC272FA1730028DAE4 /* Project object */;
			proxyType = 1;
			remoteGlobalIDString = E14321C3272FA1730028DAE4;
			remoteInfo = DailyGreen;
		};
/* End PBXContainerItemProxy section */

/* Begin PBXFileReference section */
		17416361E90B8AF197BF4AA3 /* Pods-DailyGreenTests.debug.xcconfig */ = {isa = PBXFileReference; includeInIndex = 1; lastKnownFileType = text.xcconfig; name = "Pods-DailyGreenTests.debug.xcconfig"; path = "Target Support Files/Pods-DailyGreenTests/Pods-DailyGreenTests.debug.xcconfig"; sourceTree = "<group>"; };
		1E8973B6EDA7FA7E64557E31 /* Pods-DailyGreen-DailyGreenUITests.release.xcconfig */ = {isa = PBXFileReference; includeInIndex = 1; lastKnownFileType = text.xcconfig; name = "Pods-DailyGreen-DailyGreenUITests.release.xcconfig"; path = "Target Support Files/Pods-DailyGreen-DailyGreenUITests/Pods-DailyGreen-DailyGreenUITests.release.xcconfig"; sourceTree = "<group>"; };
		2F68CA0B4A5DE22D781F612F /* Pods-DailyGreen-DailyGreenUITests.debug.xcconfig */ = {isa = PBXFileReference; includeInIndex = 1; lastKnownFileType = text.xcconfig; name = "Pods-DailyGreen-DailyGreenUITests.debug.xcconfig"; path = "Target Support Files/Pods-DailyGreen-DailyGreenUITests/Pods-DailyGreen-DailyGreenUITests.debug.xcconfig"; sourceTree = "<group>"; };
		3BD86E8DB51510697AAFCC9A /* Pods_DailyGreen.framework */ = {isa = PBXFileReference; explicitFileType = wrapper.framework; includeInIndex = 0; path = Pods_DailyGreen.framework; sourceTree = BUILT_PRODUCTS_DIR; };
		68CE541DBAD19CECAACF8CB3 /* Pods-DailyGreen.release.xcconfig */ = {isa = PBXFileReference; includeInIndex = 1; lastKnownFileType = text.xcconfig; name = "Pods-DailyGreen.release.xcconfig"; path = "Target Support Files/Pods-DailyGreen/Pods-DailyGreen.release.xcconfig"; sourceTree = "<group>"; };
		712D0457DF29802A214A0999 /* Pods-DailyGreen.debug.xcconfig */ = {isa = PBXFileReference; includeInIndex = 1; lastKnownFileType = text.xcconfig; name = "Pods-DailyGreen.debug.xcconfig"; path = "Target Support Files/Pods-DailyGreen/Pods-DailyGreen.debug.xcconfig"; sourceTree = "<group>"; };
		C2F563F61E659619E64A61F4 /* Pods-DailyGreenTests.release.xcconfig */ = {isa = PBXFileReference; includeInIndex = 1; lastKnownFileType = text.xcconfig; name = "Pods-DailyGreenTests.release.xcconfig"; path = "Target Support Files/Pods-DailyGreenTests/Pods-DailyGreenTests.release.xcconfig"; sourceTree = "<group>"; };
		E12838ED27426BD600F1E259 /* CancelCommunityDataManager.swift */ = {isa = PBXFileReference; lastKnownFileType = sourcecode.swift; path = CancelCommunityDataManager.swift; sourceTree = "<group>"; };
		E12838EF27426BE500F1E259 /* CancelCommunityCodabel.swift */ = {isa = PBXFileReference; lastKnownFileType = sourcecode.swift; path = CancelCommunityCodabel.swift; sourceTree = "<group>"; };
		E12838F2274275A700F1E259 /* ShopPagerTabbar.storyboard */ = {isa = PBXFileReference; lastKnownFileType = file.storyboard; path = ShopPagerTabbar.storyboard; sourceTree = "<group>"; };
		E12838F4274275D000F1E259 /* ShopPagerViewController.swift */ = {isa = PBXFileReference; lastKnownFileType = sourcecode.swift; path = ShopPagerViewController.swift; sourceTree = "<group>"; };
		E12838F62742798500F1E259 /* EntireShopViewController.swift */ = {isa = PBXFileReference; lastKnownFileType = sourcecode.swift; path = EntireShopViewController.swift; sourceTree = "<group>"; };
		E12838F82742799900F1E259 /* BookMarkShopViewController.swift */ = {isa = PBXFileReference; lastKnownFileType = sourcecode.swift; path = BookMarkShopViewController.swift; sourceTree = "<group>"; };
		E12838FB27427C5700F1E259 /* EntireShopTableViewCell.swift */ = {isa = PBXFileReference; lastKnownFileType = sourcecode.swift; path = EntireShopTableViewCell.swift; sourceTree = "<group>"; };
		E12838FC27427C5700F1E259 /* EntireShopTableViewCell.xib */ = {isa = PBXFileReference; lastKnownFileType = file.xib; path = EntireShopTableViewCell.xib; sourceTree = "<group>"; };
		E1362C46273451D90045C9EE /* RegisterPhoneViewController.swift */ = {isa = PBXFileReference; lastKnownFileType = sourcecode.swift; path = RegisterPhoneViewController.swift; sourceTree = "<group>"; };
		E1362C4827345A890045C9EE /* RegisterProfileViewController.swift */ = {isa = PBXFileReference; lastKnownFileType = sourcecode.swift; path = RegisterProfileViewController.swift; sourceTree = "<group>"; };
		E1362C4C273470BF0045C9EE /* Constant.swift */ = {isa = PBXFileReference; lastKnownFileType = sourcecode.swift; path = Constant.swift; sourceTree = "<group>"; };
		E14321C4272FA1730028DAE4 /* DailyGreen.app */ = {isa = PBXFileReference; explicitFileType = wrapper.application; includeInIndex = 0; path = DailyGreen.app; sourceTree = BUILT_PRODUCTS_DIR; };
		E14321C7272FA1730028DAE4 /* AppDelegate.swift */ = {isa = PBXFileReference; lastKnownFileType = sourcecode.swift; path = AppDelegate.swift; sourceTree = "<group>"; };
		E14321C9272FA1730028DAE4 /* SceneDelegate.swift */ = {isa = PBXFileReference; lastKnownFileType = sourcecode.swift; path = SceneDelegate.swift; sourceTree = "<group>"; };
		E14321CB272FA1730028DAE4 /* ViewController.swift */ = {isa = PBXFileReference; lastKnownFileType = sourcecode.swift; path = ViewController.swift; sourceTree = "<group>"; };
		E14321CE272FA1730028DAE4 /* Base */ = {isa = PBXFileReference; lastKnownFileType = file.storyboard; name = Base; path = Base.lproj/Main.storyboard; sourceTree = "<group>"; };
		E14321D1272FA1730028DAE4 /* DailyGreen.xcdatamodel */ = {isa = PBXFileReference; lastKnownFileType = wrapper.xcdatamodel; path = DailyGreen.xcdatamodel; sourceTree = "<group>"; };
		E14321D3272FA1740028DAE4 /* Assets.xcassets */ = {isa = PBXFileReference; lastKnownFileType = folder.assetcatalog; path = Assets.xcassets; sourceTree = "<group>"; };
		E14321D6272FA1740028DAE4 /* Base */ = {isa = PBXFileReference; lastKnownFileType = file.storyboard; name = Base; path = Base.lproj/LaunchScreen.storyboard; sourceTree = "<group>"; };
		E14321D8272FA1740028DAE4 /* Info.plist */ = {isa = PBXFileReference; lastKnownFileType = text.plist.xml; path = Info.plist; sourceTree = "<group>"; };
		E14321DD272FA1740028DAE4 /* DailyGreenTests.xctest */ = {isa = PBXFileReference; explicitFileType = wrapper.cfbundle; includeInIndex = 0; path = DailyGreenTests.xctest; sourceTree = BUILT_PRODUCTS_DIR; };
		E14321E1272FA1740028DAE4 /* DailyGreenTests.swift */ = {isa = PBXFileReference; lastKnownFileType = sourcecode.swift; path = DailyGreenTests.swift; sourceTree = "<group>"; };
		E14321E7272FA1740028DAE4 /* DailyGreenUITests.xctest */ = {isa = PBXFileReference; explicitFileType = wrapper.cfbundle; includeInIndex = 0; path = DailyGreenUITests.xctest; sourceTree = BUILT_PRODUCTS_DIR; };
		E14321EB272FA1740028DAE4 /* DailyGreenUITests.swift */ = {isa = PBXFileReference; lastKnownFileType = sourcecode.swift; path = DailyGreenUITests.swift; sourceTree = "<group>"; };
		E14321ED272FA1740028DAE4 /* DailyGreenUITestsLaunchTests.swift */ = {isa = PBXFileReference; lastKnownFileType = sourcecode.swift; path = DailyGreenUITestsLaunchTests.swift; sourceTree = "<group>"; };
		E1432220272FA6850028DAE4 /* Font.swift */ = {isa = PBXFileReference; lastKnownFileType = sourcecode.swift; path = Font.swift; sourceTree = "<group>"; };
		E1432226272FB76E0028DAE4 /* NanumSquareB.ttf */ = {isa = PBXFileReference; lastKnownFileType = file; name = NanumSquareB.ttf; path = Assets/Font/NanumSquareB.ttf; sourceTree = SOURCE_ROOT; };
		E1432228272FC1CF0028DAE4 /* UserDefault.swift */ = {isa = PBXFileReference; lastKnownFileType = sourcecode.swift; path = UserDefault.swift; sourceTree = "<group>"; };
		E143222A272FC61B0028DAE4 /* OnboardViewController.swift */ = {isa = PBXFileReference; lastKnownFileType = sourcecode.swift; path = OnboardViewController.swift; sourceTree = "<group>"; };
		E1432231272FCA9C0028DAE4 /* OnboardingView1.swift */ = {isa = PBXFileReference; lastKnownFileType = sourcecode.swift; path = OnboardingView1.swift; sourceTree = "<group>"; };
		E1432234272FCC000028DAE4 /* Color.swift */ = {isa = PBXFileReference; lastKnownFileType = sourcecode.swift; path = Color.swift; sourceTree = "<group>"; };
		E1432236272FD6AF0028DAE4 /* NanumSquareR.ttf */ = {isa = PBXFileReference; lastKnownFileType = file; name = NanumSquareR.ttf; path = Assets/Font/NanumSquareR.ttf; sourceTree = SOURCE_ROOT; };
		E1432238272FDA890028DAE4 /* OnboardingView2.swift */ = {isa = PBXFileReference; lastKnownFileType = sourcecode.swift; path = OnboardingView2.swift; sourceTree = "<group>"; };
		E143223A272FDC9C0028DAE4 /* OnboardingView3.swift */ = {isa = PBXFileReference; lastKnownFileType = sourcecode.swift; path = OnboardingView3.swift; sourceTree = "<group>"; };
		E143223C272FDCA20028DAE4 /* OnboardingView4.swift */ = {isa = PBXFileReference; lastKnownFileType = sourcecode.swift; path = OnboardingView4.swift; sourceTree = "<group>"; };
		E143223E272FE3D00028DAE4 /* UIViewController.swift */ = {isa = PBXFileReference; lastKnownFileType = sourcecode.swift; path = UIViewController.swift; sourceTree = "<group>"; };
		E1432241272FE89B0028DAE4 /* LoginViewController.swift */ = {isa = PBXFileReference; lastKnownFileType = sourcecode.swift; path = LoginViewController.swift; sourceTree = "<group>"; };
		E1432243272FE98F0028DAE4 /* DailyGreen.entitlements */ = {isa = PBXFileReference; lastKnownFileType = text.plist.entitlements; path = DailyGreen.entitlements; sourceTree = "<group>"; };
		E1432245272FF1EA0028DAE4 /* File.swift */ = {isa = PBXFileReference; lastKnownFileType = sourcecode.swift; path = File.swift; sourceTree = "<group>"; };
		E14426CE2731174700EC86D1 /* MainPageViewController.swift */ = {isa = PBXFileReference; lastKnownFileType = sourcecode.swift; path = MainPageViewController.swift; sourceTree = "<group>"; };
		E14426D4273186D300EC86D1 /* EventCollectionViewCell.swift */ = {isa = PBXFileReference; lastKnownFileType = sourcecode.swift; path = EventCollectionViewCell.swift; sourceTree = "<group>"; };
		E14426D5273186D300EC86D1 /* EventCollectionViewCell.xib */ = {isa = PBXFileReference; lastKnownFileType = file.xib; path = EventCollectionViewCell.xib; sourceTree = "<group>"; };
		E145B9732734F21E007C593B /* NickNameDataManager.swift */ = {isa = PBXFileReference; lastKnownFileType = sourcecode.swift; path = NickNameDataManager.swift; sourceTree = "<group>"; };
		E145B9762734F419007C593B /* NickNameCodable.swift */ = {isa = PBXFileReference; lastKnownFileType = sourcecode.swift; path = NickNameCodable.swift; sourceTree = "<group>"; };
		E1467145273D741500DD2037 /* CoParticipateDataManager.swift */ = {isa = PBXFileReference; lastKnownFileType = sourcecode.swift; path = CoParticipateDataManager.swift; sourceTree = "<group>"; };
		E1467147273D742200DD2037 /* CoParticipateResponse.swift */ = {isa = PBXFileReference; lastKnownFileType = sourcecode.swift; path = CoParticipateResponse.swift; sourceTree = "<group>"; };
		E1467149273D772C00DD2037 /* ParticipateView.swift */ = {isa = PBXFileReference; lastKnownFileType = sourcecode.swift; path = ParticipateView.swift; sourceTree = "<group>"; };
		E14ED2FC2739643700CCBCED /* CommunityViewController.swift */ = {isa = PBXFileReference; lastKnownFileType = sourcecode.swift; path = CommunityViewController.swift; sourceTree = "<group>"; };
		E14ED2FE273A2BB900CCBCED /* CommunityTableViewCell.swift */ = {isa = PBXFileReference; lastKnownFileType = sourcecode.swift; path = CommunityTableViewCell.swift; sourceTree = "<group>"; };
		E14ED2FF273A2BB900CCBCED /* CommunityTableViewCell.xib */ = {isa = PBXFileReference; lastKnownFileType = file.xib; path = CommunityTableViewCell.xib; sourceTree = "<group>"; };
		E14ED303273A31EC00CCBCED /* CommunityListResponse.swift */ = {isa = PBXFileReference; lastKnownFileType = sourcecode.swift; path = CommunityListResponse.swift; sourceTree = "<group>"; };
		E14ED305273A31F700CCBCED /* CommunityListDataManager.swift */ = {isa = PBXFileReference; lastKnownFileType = sourcecode.swift; path = CommunityListDataManager.swift; sourceTree = "<group>"; };
		E14ED307273A396800CCBCED /* CommunityList.swift */ = {isa = PBXFileReference; lastKnownFileType = sourcecode.swift; path = CommunityList.swift; sourceTree = "<group>"; };
		E14ED30B273A571A00CCBCED /* KakaoRegisterDataManager.swift */ = {isa = PBXFileReference; lastKnownFileType = sourcecode.swift; path = KakaoRegisterDataManager.swift; sourceTree = "<group>"; };
		E14ED30E273A57AE00CCBCED /* KakaoRegisterCodable.swift */ = {isa = PBXFileReference; lastKnownFileType = sourcecode.swift; path = KakaoRegisterCodable.swift; sourceTree = "<group>"; };
		E1509DB72734006500D0B94C /* NanumSquareEB.ttf */ = {isa = PBXFileReference; lastKnownFileType = file; name = NanumSquareEB.ttf; path = Assets/Font/NanumSquareEB.ttf; sourceTree = SOURCE_ROOT; };
		E1509DB9273408F300D0B94C /* Register.storyboard */ = {isa = PBXFileReference; lastKnownFileType = file.storyboard; path = Register.storyboard; sourceTree = "<group>"; };
		E1509DBB2734093700D0B94C /* RegisterEmailViewController.swift */ = {isa = PBXFileReference; lastKnownFileType = sourcecode.swift; path = RegisterEmailViewController.swift; sourceTree = "<group>"; };
		E1509DBD27340CEE00D0B94C /* RegisterNavigationConroller.swift */ = {isa = PBXFileReference; lastKnownFileType = sourcecode.swift; path = RegisterNavigationConroller.swift; sourceTree = "<group>"; };
		E1534EB22744A88A00E1FA01 /* WriteFeedViewController.swift */ = {isa = PBXFileReference; lastKnownFileType = sourcecode.swift; path = WriteFeedViewController.swift; sourceTree = "<group>"; };
		E1534EB5274500C800E1FA01 /* PickedImageCollectionViewCell.swift */ = {isa = PBXFileReference; lastKnownFileType = sourcecode.swift; path = PickedImageCollectionViewCell.swift; sourceTree = "<group>"; };
		E1534EB6274500C800E1FA01 /* PickedImageCollectionViewCell.xib */ = {isa = PBXFileReference; lastKnownFileType = file.xib; path = PickedImageCollectionViewCell.xib; sourceTree = "<group>"; };
		E1534EBB27452AE500E1FA01 /* WriteFeedDataManager.swift */ = {isa = PBXFileReference; lastKnownFileType = sourcecode.swift; path = WriteFeedDataManager.swift; sourceTree = "<group>"; };
		E1534EBD27452CFA00E1FA01 /* WriteFeedCodable.swift */ = {isa = PBXFileReference; lastKnownFileType = sourcecode.swift; path = WriteFeedCodable.swift; sourceTree = "<group>"; };
		E1534EC12746098C00E1FA01 /* FeedDataManager.swift */ = {isa = PBXFileReference; lastKnownFileType = sourcecode.swift; path = FeedDataManager.swift; sourceTree = "<group>"; };
		E1534EC3274609AD00E1FA01 /* FeedResponse.swift */ = {isa = PBXFileReference; lastKnownFileType = sourcecode.swift; path = FeedResponse.swift; sourceTree = "<group>"; };
		E1534EC5274610EC00E1FA01 /* FeedTableViewCell.swift */ = {isa = PBXFileReference; lastKnownFileType = sourcecode.swift; path = FeedTableViewCell.swift; sourceTree = "<group>"; };
		E1534EC6274610EC00E1FA01 /* FeedTableViewCell.xib */ = {isa = PBXFileReference; lastKnownFileType = file.xib; path = FeedTableViewCell.xib; sourceTree = "<group>"; };
		E1534ECA2746177B00E1FA01 /* FeedCollectionViewCell.swift */ = {isa = PBXFileReference; lastKnownFileType = sourcecode.swift; path = FeedCollectionViewCell.swift; sourceTree = "<group>"; };
		E1534ECB2746177B00E1FA01 /* FeedCollectionViewCell.xib */ = {isa = PBXFileReference; lastKnownFileType = file.xib; path = FeedCollectionViewCell.xib; sourceTree = "<group>"; };
		E1534ED127467A3F00E1FA01 /* LikeDataManager.swift */ = {isa = PBXFileReference; lastKnownFileType = sourcecode.swift; path = LikeDataManager.swift; sourceTree = "<group>"; };
		E1534ED327467A4B00E1FA01 /* LikeCodable.swift */ = {isa = PBXFileReference; lastKnownFileType = sourcecode.swift; path = LikeCodable.swift; sourceTree = "<group>"; };
		E15CB80B273E04A100D66360 /* CoSubscribeDataManager.swift */ = {isa = PBXFileReference; lastKnownFileType = sourcecode.swift; path = CoSubscribeDataManager.swift; sourceTree = "<group>"; };
		E15CB80D273E04B500D66360 /* CoSubscribeCodabel.swift */ = {isa = PBXFileReference; lastKnownFileType = sourcecode.swift; path = CoSubscribeCodabel.swift; sourceTree = "<group>"; };
		E15CB810273E103200D66360 /* PagerTabbar.storyboard */ = {isa = PBXFileReference; lastKnownFileType = file.storyboard; path = PagerTabbar.storyboard; sourceTree = "<group>"; };
		E15CB812273E104100D66360 /* PagerTabbarViewController.swift */ = {isa = PBXFileReference; lastKnownFileType = sourcecode.swift; path = PagerTabbarViewController.swift; sourceTree = "<group>"; };
		E15CB814273E12D100D66360 /* MeetingViewController.swift */ = {isa = PBXFileReference; lastKnownFileType = sourcecode.swift; path = MeetingViewController.swift; sourceTree = "<group>"; };
		E15CB816273E12DB00D66360 /* FeedViewController.swift */ = {isa = PBXFileReference; lastKnownFileType = sourcecode.swift; path = FeedViewController.swift; sourceTree = "<group>"; };
		E15CB818273E188A00D66360 /* WorkshopViewController.swift */ = {isa = PBXFileReference; lastKnownFileType = sourcecode.swift; path = WorkshopViewController.swift; sourceTree = "<group>"; };
		E15CB81A273E35EA00D66360 /* CoCardTableViewCell.swift */ = {isa = PBXFileReference; lastKnownFileType = sourcecode.swift; path = CoCardTableViewCell.swift; sourceTree = "<group>"; };
		E15CB81B273E35EA00D66360 /* CoCardTableViewCell.xib */ = {isa = PBXFileReference; lastKnownFileType = file.xib; path = CoCardTableViewCell.xib; sourceTree = "<group>"; };
		E19D4E9E2732B1F10024B6FE /* EmailLoginViewController.swift */ = {isa = PBXFileReference; lastKnownFileType = sourcecode.swift; path = EmailLoginViewController.swift; sourceTree = "<group>"; };
		E19F5352274140B700B3A28D /* MeetDataManager.swift */ = {isa = PBXFileReference; lastKnownFileType = sourcecode.swift; path = MeetDataManager.swift; sourceTree = "<group>"; };
		E19F5354274140C600B3A28D /* MeetResponse.swift */ = {isa = PBXFileReference; lastKnownFileType = sourcecode.swift; path = MeetResponse.swift; sourceTree = "<group>"; };
		E19F535627414E4B00B3A28D /* KakaoLoginDataManager.swift */ = {isa = PBXFileReference; lastKnownFileType = sourcecode.swift; path = KakaoLoginDataManager.swift; sourceTree = "<group>"; };
		E19F535827414E5400B3A28D /* KakaoLoginCodable.swift */ = {isa = PBXFileReference; lastKnownFileType = sourcecode.swift; path = KakaoLoginCodable.swift; sourceTree = "<group>"; };
		E19F535A2741F20A00B3A28D /* UIImageView.swift */ = {isa = PBXFileReference; lastKnownFileType = sourcecode.swift; path = UIImageView.swift; sourceTree = "<group>"; };
		E19F535C2741F56500B3A28D /* ImageCacheManager.swift */ = {isa = PBXFileReference; lastKnownFileType = sourcecode.swift; path = ImageCacheManager.swift; sourceTree = "<group>"; };
		E1BBD31A2743F9FA00268BB5 /* WriteScene.storyboard */ = {isa = PBXFileReference; lastKnownFileType = file.storyboard; path = WriteScene.storyboard; sourceTree = "<group>"; };
		E1BBD31C2743FC0E00268BB5 /* WriteStep1ViewController.swift */ = {isa = PBXFileReference; lastKnownFileType = sourcecode.swift; path = WriteStep1ViewController.swift; sourceTree = "<group>"; };
		E1CC0F57273E97EB00778650 /* PhoneAuthCodable.swift */ = {isa = PBXFileReference; lastKnownFileType = sourcecode.swift; path = PhoneAuthCodable.swift; sourceTree = "<group>"; };
		E1CC0F59273E97F600778650 /* PhoneAuthDataManager.swift */ = {isa = PBXFileReference; lastKnownFileType = sourcecode.swift; path = PhoneAuthDataManager.swift; sourceTree = "<group>"; };
		E1CC0F5B273E9AA400778650 /* CheckAuthCodable.swift */ = {isa = PBXFileReference; lastKnownFileType = sourcecode.swift; path = CheckAuthCodable.swift; sourceTree = "<group>"; };
		E1CC0F5D273E9AB200778650 /* CheckAuthDataManager.swift */ = {isa = PBXFileReference; lastKnownFileType = sourcecode.swift; path = CheckAuthDataManager.swift; sourceTree = "<group>"; };
		E1E944F8273233C90047ABA8 /* CommunityView.swift */ = {isa = PBXFileReference; lastKnownFileType = sourcecode.swift; path = CommunityView.swift; sourceTree = "<group>"; };
		E1E944FC273257010047ABA8 /* TabBarController.swift */ = {isa = PBXFileReference; lastKnownFileType = sourcecode.swift; path = TabBarController.swift; sourceTree = "<group>"; };
		E1E944FF27325E400047ABA8 /* GuideViewContorller.swift */ = {isa = PBXFileReference; lastKnownFileType = sourcecode.swift; path = GuideViewContorller.swift; sourceTree = "<group>"; };
		E1E9450127325E560047ABA8 /* Guide.storyboard */ = {isa = PBXFileReference; lastKnownFileType = file.storyboard; path = Guide.storyboard; sourceTree = "<group>"; };
		E1E94503273261A50047ABA8 /* ModalHeaderView.swift */ = {isa = PBXFileReference; lastKnownFileType = sourcecode.swift; path = ModalHeaderView.swift; sourceTree = "<group>"; };
		E1E9450527326AD30047ABA8 /* GuideTableViewCell.swift */ = {isa = PBXFileReference; lastKnownFileType = sourcecode.swift; path = GuideTableViewCell.swift; sourceTree = "<group>"; };
		E1E9450627326AD30047ABA8 /* GuideTableViewCell.xib */ = {isa = PBXFileReference; lastKnownFileType = file.xib; path = GuideTableViewCell.xib; sourceTree = "<group>"; };
		E1F6A1132737ABE100BEFF6A /* UILabel.swift */ = {isa = PBXFileReference; lastKnownFileType = sourcecode.swift; path = UILabel.swift; sourceTree = "<group>"; };
		E1F6A1152737C2B000BEFF6A /* DimmingView.swift */ = {isa = PBXFileReference; lastKnownFileType = sourcecode.swift; path = DimmingView.swift; sourceTree = "<group>"; };
		E495ED25C705C91183EA472D /* Pods_DailyGreen_DailyGreenUITests.framework */ = {isa = PBXFileReference; explicitFileType = wrapper.framework; includeInIndex = 0; path = Pods_DailyGreen_DailyGreenUITests.framework; sourceTree = BUILT_PRODUCTS_DIR; };
		F972C54A305860F3A48AD373 /* Pods_DailyGreenTests.framework */ = {isa = PBXFileReference; explicitFileType = wrapper.framework; includeInIndex = 0; path = Pods_DailyGreenTests.framework; sourceTree = BUILT_PRODUCTS_DIR; };
/* End PBXFileReference section */

/* Begin PBXFrameworksBuildPhase section */
		E14321C1272FA1730028DAE4 /* Frameworks */ = {
			isa = PBXFrameworksBuildPhase;
			buildActionMask = 2147483647;
			files = (
				D381C6B37D5567E3C4197C42 /* Pods_DailyGreen.framework in Frameworks */,
			);
			runOnlyForDeploymentPostprocessing = 0;
		};
		E14321DA272FA1740028DAE4 /* Frameworks */ = {
			isa = PBXFrameworksBuildPhase;
			buildActionMask = 2147483647;
			files = (
				6E5273E1BBD57AAF6383EE9E /* Pods_DailyGreenTests.framework in Frameworks */,
			);
			runOnlyForDeploymentPostprocessing = 0;
		};
		E14321E4272FA1740028DAE4 /* Frameworks */ = {
			isa = PBXFrameworksBuildPhase;
			buildActionMask = 2147483647;
			files = (
				AB964E67871A13F34240DDE8 /* Pods_DailyGreen_DailyGreenUITests.framework in Frameworks */,
			);
			runOnlyForDeploymentPostprocessing = 0;
		};
/* End PBXFrameworksBuildPhase section */

/* Begin PBXGroup section */
		09357EB9E66C4B91BDB4B1BF /* Pods */ = {
			isa = PBXGroup;
			children = (
				712D0457DF29802A214A0999 /* Pods-DailyGreen.debug.xcconfig */,
				68CE541DBAD19CECAACF8CB3 /* Pods-DailyGreen.release.xcconfig */,
				2F68CA0B4A5DE22D781F612F /* Pods-DailyGreen-DailyGreenUITests.debug.xcconfig */,
				1E8973B6EDA7FA7E64557E31 /* Pods-DailyGreen-DailyGreenUITests.release.xcconfig */,
				17416361E90B8AF197BF4AA3 /* Pods-DailyGreenTests.debug.xcconfig */,
				C2F563F61E659619E64A61F4 /* Pods-DailyGreenTests.release.xcconfig */,
			);
			path = Pods;
			sourceTree = "<group>";
		};
		C342A6393CFC91F1F9C10A42 /* Frameworks */ = {
			isa = PBXGroup;
			children = (
				3BD86E8DB51510697AAFCC9A /* Pods_DailyGreen.framework */,
				E495ED25C705C91183EA472D /* Pods_DailyGreen_DailyGreenUITests.framework */,
				F972C54A305860F3A48AD373 /* Pods_DailyGreenTests.framework */,
			);
			name = Frameworks;
			sourceTree = "<group>";
		};
		E12838EC27426BC700F1E259 /* Cancel */ = {
			isa = PBXGroup;
			children = (
				E12838ED27426BD600F1E259 /* CancelCommunityDataManager.swift */,
				E12838EF27426BE500F1E259 /* CancelCommunityCodabel.swift */,
			);
			path = Cancel;
			sourceTree = "<group>";
		};
		E12838F12742747100F1E259 /* ShopScene */ = {
			isa = PBXGroup;
			children = (
				E12838F2274275A700F1E259 /* ShopPagerTabbar.storyboard */,
				E12838F4274275D000F1E259 /* ShopPagerViewController.swift */,
				E12838FA27427C4500F1E259 /* Cell */,
				E12838F62742798500F1E259 /* EntireShopViewController.swift */,
				E12838F82742799900F1E259 /* BookMarkShopViewController.swift */,
			);
			path = ShopScene;
			sourceTree = "<group>";
		};
		E12838FA27427C4500F1E259 /* Cell */ = {
			isa = PBXGroup;
			children = (
				E12838FB27427C5700F1E259 /* EntireShopTableViewCell.swift */,
				E12838FC27427C5700F1E259 /* EntireShopTableViewCell.xib */,
			);
			path = Cell;
			sourceTree = "<group>";
		};
		E1362C4B2734709B0045C9EE /* Network */ = {
			isa = PBXGroup;
			children = (
				E1534EC02746097E00E1FA01 /* Feed */,
				E1534EB927452A7100E1FA01 /* Write */,
				E1BBD31527427F7100268BB5 /* Shop */,
				E19F53512741409700B3A28D /* Meet */,
				E1CC0F56273E97D200778650 /* PhoneAuth */,
				E14ED302273A31C900CCBCED /* CommunityList */,
				E1A6D46E273510A900E2EC82 /* Kakao */,
				E145B9752734F3F9007C593B /* NickNameCheck */,
				E1362C4C273470BF0045C9EE /* Constant.swift */,
			);
			path = Network;
			sourceTree = "<group>";
		};
		E14321BB272FA1730028DAE4 = {
			isa = PBXGroup;
			children = (
				E14321C6272FA1730028DAE4 /* DailyGreen */,
				E14321E0272FA1740028DAE4 /* DailyGreenTests */,
				E14321EA272FA1740028DAE4 /* DailyGreenUITests */,
				E14321C5272FA1730028DAE4 /* Products */,
				09357EB9E66C4B91BDB4B1BF /* Pods */,
				C342A6393CFC91F1F9C10A42 /* Frameworks */,
			);
			sourceTree = "<group>";
		};
		E14321C5272FA1730028DAE4 /* Products */ = {
			isa = PBXGroup;
			children = (
				E14321C4272FA1730028DAE4 /* DailyGreen.app */,
				E14321DD272FA1740028DAE4 /* DailyGreenTests.xctest */,
				E14321E7272FA1740028DAE4 /* DailyGreenUITests.xctest */,
			);
			name = Products;
			sourceTree = "<group>";
		};
		E14321C6272FA1730028DAE4 /* DailyGreen */ = {
			isa = PBXGroup;
			children = (
				E1432243272FE98F0028DAE4 /* DailyGreen.entitlements */,
				E1432244272FF1DF0028DAE4 /* Secret */,
				E14321FE272FA4570028DAE4 /* Configuration */,
				E14321FA272FA2DB0028DAE4 /* Model */,
				E14321C9272FA1730028DAE4 /* SceneDelegate.swift */,
				E14321C7272FA1730028DAE4 /* AppDelegate.swift */,
				E14321FC272FA2E20028DAE4 /* View */,
				E1362C4B2734709B0045C9EE /* Network */,
				E14321D3272FA1740028DAE4 /* Assets.xcassets */,
				E14321D5272FA1740028DAE4 /* LaunchScreen.storyboard */,
				E14321D8272FA1740028DAE4 /* Info.plist */,
				E14321D0272FA1730028DAE4 /* DailyGreen.xcdatamodeld */,
			);
			path = DailyGreen;
			sourceTree = "<group>";
		};
		E14321E0272FA1740028DAE4 /* DailyGreenTests */ = {
			isa = PBXGroup;
			children = (
				E14321E1272FA1740028DAE4 /* DailyGreenTests.swift */,
			);
			path = DailyGreenTests;
			sourceTree = "<group>";
		};
		E14321EA272FA1740028DAE4 /* DailyGreenUITests */ = {
			isa = PBXGroup;
			children = (
				E14321EB272FA1740028DAE4 /* DailyGreenUITests.swift */,
				E14321ED272FA1740028DAE4 /* DailyGreenUITestsLaunchTests.swift */,
			);
			path = DailyGreenUITests;
			sourceTree = "<group>";
		};
		E14321FA272FA2DB0028DAE4 /* Model */ = {
			isa = PBXGroup;
			children = (
				E1432228272FC1CF0028DAE4 /* UserDefault.swift */,
			);
			path = Model;
			sourceTree = "<group>";
		};
		E14321FC272FA2E20028DAE4 /* View */ = {
			isa = PBXGroup;
			children = (
				E14321CD272FA1730028DAE4 /* Main.storyboard */,
				E14321CB272FA1730028DAE4 /* ViewController.swift */,
				E1432230272FCA860028DAE4 /* OnboardingPage */,
				E1432240272FE88A0028DAE4 /* LoginPage */,
				E19D4E9D2732B12C0024B6FE /* RegisterScene */,
				E14426CB27310E2800EC86D1 /* MainPage */,
				E14ED2FB273963E900CCBCED /* CommunityScene */,
			);
			path = View;
			sourceTree = "<group>";
		};
		E14321FE272FA4570028DAE4 /* Configuration */ = {
			isa = PBXGroup;
			children = (
				E1E944FB273256F60047ABA8 /* CustomClass */,
				E1432233272FCBF60028DAE4 /* Extension */,
				E14321FF272FA45F0028DAE4 /* Font */,
				E19F535C2741F56500B3A28D /* ImageCacheManager.swift */,
			);
			path = Configuration;
			sourceTree = "<group>";
		};
		E14321FF272FA45F0028DAE4 /* Font */ = {
			isa = PBXGroup;
			children = (
				E1432220272FA6850028DAE4 /* Font.swift */,
				E1432226272FB76E0028DAE4 /* NanumSquareB.ttf */,
				E1509DB72734006500D0B94C /* NanumSquareEB.ttf */,
				E1432236272FD6AF0028DAE4 /* NanumSquareR.ttf */,
			);
			path = Font;
			sourceTree = "<group>";
		};
		E1432230272FCA860028DAE4 /* OnboardingPage */ = {
			isa = PBXGroup;
			children = (
				E143222A272FC61B0028DAE4 /* OnboardViewController.swift */,
				E1432231272FCA9C0028DAE4 /* OnboardingView1.swift */,
				E1432238272FDA890028DAE4 /* OnboardingView2.swift */,
				E143223A272FDC9C0028DAE4 /* OnboardingView3.swift */,
				E143223C272FDCA20028DAE4 /* OnboardingView4.swift */,
			);
			path = OnboardingPage;
			sourceTree = "<group>";
		};
		E1432233272FCBF60028DAE4 /* Extension */ = {
			isa = PBXGroup;
			children = (
				E1432234272FCC000028DAE4 /* Color.swift */,
				E143223E272FE3D00028DAE4 /* UIViewController.swift */,
				E1F6A1132737ABE100BEFF6A /* UILabel.swift */,
				E19F535A2741F20A00B3A28D /* UIImageView.swift */,
			);
			path = Extension;
			sourceTree = "<group>";
		};
		E1432240272FE88A0028DAE4 /* LoginPage */ = {
			isa = PBXGroup;
			children = (
				E1432241272FE89B0028DAE4 /* LoginViewController.swift */,
				E19D4E9E2732B1F10024B6FE /* EmailLoginViewController.swift */,
			);
			path = LoginPage;
			sourceTree = "<group>";
		};
		E1432244272FF1DF0028DAE4 /* Secret */ = {
			isa = PBXGroup;
			children = (
				E1432245272FF1EA0028DAE4 /* File.swift */,
			);
			path = Secret;
			sourceTree = "<group>";
		};
		E14426CB27310E2800EC86D1 /* MainPage */ = {
			isa = PBXGroup;
			children = (
				E14426CE2731174700EC86D1 /* MainPageViewController.swift */,
				E1467149273D772C00DD2037 /* ParticipateView.swift */,
				E14426D4273186D300EC86D1 /* EventCollectionViewCell.swift */,
				E14426D5273186D300EC86D1 /* EventCollectionViewCell.xib */,
				E1E944F8273233C90047ABA8 /* CommunityView.swift */,
				E1E944FE27325E280047ABA8 /* GuidePage */,
			);
			path = MainPage;
			sourceTree = "<group>";
		};
		E145B9752734F3F9007C593B /* NickNameCheck */ = {
			isa = PBXGroup;
			children = (
				E145B9732734F21E007C593B /* NickNameDataManager.swift */,
				E145B9762734F419007C593B /* NickNameCodable.swift */,
			);
			path = NickNameCheck;
			sourceTree = "<group>";
		};
		E1467144273D73F800DD2037 /* Participate */ = {
			isa = PBXGroup;
			children = (
				E1467145273D741500DD2037 /* CoParticipateDataManager.swift */,
				E1467147273D742200DD2037 /* CoParticipateResponse.swift */,
			);
			path = Participate;
			sourceTree = "<group>";
		};
		E14ED2FB273963E900CCBCED /* CommunityScene */ = {
			isa = PBXGroup;
			children = (
				E14ED2FC2739643700CCBCED /* CommunityViewController.swift */,
				E14ED2FE273A2BB900CCBCED /* CommunityTableViewCell.swift */,
				E14ED2FF273A2BB900CCBCED /* CommunityTableViewCell.xib */,
				E15CB80F273E100F00D66360 /* WorkshopFeedScene */,
				E12838F12742747100F1E259 /* ShopScene */,
			);
			path = CommunityScene;
			sourceTree = "<group>";
		};
		E14ED302273A31C900CCBCED /* CommunityList */ = {
			isa = PBXGroup;
			children = (
				E12838EC27426BC700F1E259 /* Cancel */,
				E15CB80A273E048300D66360 /* Subscribe */,
				E1467144273D73F800DD2037 /* Participate */,
				E14ED303273A31EC00CCBCED /* CommunityListResponse.swift */,
				E14ED305273A31F700CCBCED /* CommunityListDataManager.swift */,
				E14ED307273A396800CCBCED /* CommunityList.swift */,
			);
			path = CommunityList;
			sourceTree = "<group>";
		};
		E14ED309273A570300CCBCED /* Register */ = {
			isa = PBXGroup;
			children = (
				E14ED30B273A571A00CCBCED /* KakaoRegisterDataManager.swift */,
				E14ED30E273A57AE00CCBCED /* KakaoRegisterCodable.swift */,
			);
			path = Register;
			sourceTree = "<group>";
		};
		E14ED30A273A570600CCBCED /* Login */ = {
			isa = PBXGroup;
			children = (
				E19F535627414E4B00B3A28D /* KakaoLoginDataManager.swift */,
				E19F535827414E5400B3A28D /* KakaoLoginCodable.swift */,
			);
			path = Login;
			sourceTree = "<group>";
		};
		E1534EB12744A87300E1FA01 /* WriteFeed */ = {
			isa = PBXGroup;
			children = (
				E1534EB22744A88A00E1FA01 /* WriteFeedViewController.swift */,
				E1534EB5274500C800E1FA01 /* PickedImageCollectionViewCell.swift */,
				E1534EB6274500C800E1FA01 /* PickedImageCollectionViewCell.xib */,
			);
			path = WriteFeed;
			sourceTree = "<group>";
		};
		E1534EB927452A7100E1FA01 /* Write */ = {
			isa = PBXGroup;
			children = (
				E1534EBA27452A7500E1FA01 /* Feed */,
			);
			path = Write;
			sourceTree = "<group>";
		};
		E1534EBA27452A7500E1FA01 /* Feed */ = {
			isa = PBXGroup;
			children = (
				E1534EBB27452AE500E1FA01 /* WriteFeedDataManager.swift */,
				E1534EBD27452CFA00E1FA01 /* WriteFeedCodable.swift */,
			);
			path = Feed;
			sourceTree = "<group>";
		};
		E1534EC02746097E00E1FA01 /* Feed */ = {
			isa = PBXGroup;
			children = (
				E1534ED027467A3200E1FA01 /* Like */,
				E1534EC12746098C00E1FA01 /* FeedDataManager.swift */,
				E1534EC3274609AD00E1FA01 /* FeedResponse.swift */,
			);
			path = Feed;
			sourceTree = "<group>";
		};
		E1534ED027467A3200E1FA01 /* Like */ = {
			isa = PBXGroup;
			children = (
				E1534ED127467A3F00E1FA01 /* LikeDataManager.swift */,
				E1534ED327467A4B00E1FA01 /* LikeCodable.swift */,
			);
			path = Like;
			sourceTree = "<group>";
		};
		E15CB80A273E048300D66360 /* Subscribe */ = {
			isa = PBXGroup;
			children = (
				E15CB80B273E04A100D66360 /* CoSubscribeDataManager.swift */,
				E15CB80D273E04B500D66360 /* CoSubscribeCodabel.swift */,
			);
			path = Subscribe;
			sourceTree = "<group>";
		};
		E15CB80F273E100F00D66360 /* WorkshopFeedScene */ = {
			isa = PBXGroup;
			children = (
				E1BBD3192743F91500268BB5 /* WriteScene */,
				E1BBD31627439C8700268BB5 /* MeetScene */,
				E1BBD31827439C9C00268BB5 /* WorkshopScene */,
				E1BBD31727439C9700268BB5 /* FeedScene */,
				E15CB810273E103200D66360 /* PagerTabbar.storyboard */,
				E15CB812273E104100D66360 /* PagerTabbarViewController.swift */,
				E15CB81A273E35EA00D66360 /* CoCardTableViewCell.swift */,
				E15CB81B273E35EA00D66360 /* CoCardTableViewCell.xib */,
			);
			path = WorkshopFeedScene;
			sourceTree = "<group>";
		};
		E19D4E9D2732B12C0024B6FE /* RegisterScene */ = {
			isa = PBXGroup;
			children = (
				E1509DB9273408F300D0B94C /* Register.storyboard */,
				E1362C4827345A890045C9EE /* RegisterProfileViewController.swift */,
				E1509DBB2734093700D0B94C /* RegisterEmailViewController.swift */,
				E1362C46273451D90045C9EE /* RegisterPhoneViewController.swift */,
			);
			path = RegisterScene;
			sourceTree = "<group>";
		};
		E19F53512741409700B3A28D /* Meet */ = {
			isa = PBXGroup;
			children = (
				E19F5352274140B700B3A28D /* MeetDataManager.swift */,
				E19F5354274140C600B3A28D /* MeetResponse.swift */,
			);
			path = Meet;
			sourceTree = "<group>";
		};
		E1A6D46E273510A900E2EC82 /* Kakao */ = {
			isa = PBXGroup;
			children = (
				E14ED30A273A570600CCBCED /* Login */,
				E14ED309273A570300CCBCED /* Register */,
			);
			path = Kakao;
			sourceTree = "<group>";
		};
		E1BBD31527427F7100268BB5 /* Shop */ = {
			isa = PBXGroup;
			children = (
			);
			path = Shop;
			sourceTree = "<group>";
		};
		E1BBD31627439C8700268BB5 /* MeetScene */ = {
			isa = PBXGroup;
			children = (
				E15CB814273E12D100D66360 /* MeetingViewController.swift */,
			);
			path = MeetScene;
			sourceTree = "<group>";
		};
		E1BBD31727439C9700268BB5 /* FeedScene */ = {
			isa = PBXGroup;
			children = (
				E15CB816273E12DB00D66360 /* FeedViewController.swift */,
				E1534EC5274610EC00E1FA01 /* FeedTableViewCell.swift */,
				E1534EC6274610EC00E1FA01 /* FeedTableViewCell.xib */,
				E1534ECA2746177B00E1FA01 /* FeedCollectionViewCell.swift */,
				E1534ECB2746177B00E1FA01 /* FeedCollectionViewCell.xib */,
			);
			path = FeedScene;
			sourceTree = "<group>";
		};
		E1BBD31827439C9C00268BB5 /* WorkshopScene */ = {
			isa = PBXGroup;
			children = (
				E15CB818273E188A00D66360 /* WorkshopViewController.swift */,
			);
			path = WorkshopScene;
			sourceTree = "<group>";
		};
		E1BBD3192743F91500268BB5 /* WriteScene */ = {
			isa = PBXGroup;
			children = (
				E1534EB12744A87300E1FA01 /* WriteFeed */,
				E1BBD31A2743F9FA00268BB5 /* WriteScene.storyboard */,
				E1BBD31C2743FC0E00268BB5 /* WriteStep1ViewController.swift */,
			);
			path = WriteScene;
			sourceTree = "<group>";
		};
		E1CC0F56273E97D200778650 /* PhoneAuth */ = {
			isa = PBXGroup;
			children = (
				E1CC0F57273E97EB00778650 /* PhoneAuthCodable.swift */,
				E1CC0F59273E97F600778650 /* PhoneAuthDataManager.swift */,
				E1CC0F5B273E9AA400778650 /* CheckAuthCodable.swift */,
				E1CC0F5D273E9AB200778650 /* CheckAuthDataManager.swift */,
			);
			path = PhoneAuth;
			sourceTree = "<group>";
		};
		E1E944FB273256F60047ABA8 /* CustomClass */ = {
			isa = PBXGroup;
			children = (
				E1E944FC273257010047ABA8 /* TabBarController.swift */,
				E1E94503273261A50047ABA8 /* ModalHeaderView.swift */,
				E1509DBD27340CEE00D0B94C /* RegisterNavigationConroller.swift */,
				E1F6A1152737C2B000BEFF6A /* DimmingView.swift */,
			);
			path = CustomClass;
			sourceTree = "<group>";
		};
		E1E944FE27325E280047ABA8 /* GuidePage */ = {
			isa = PBXGroup;
			children = (
				E1E944FF27325E400047ABA8 /* GuideViewContorller.swift */,
				E1E9450127325E560047ABA8 /* Guide.storyboard */,
				E1E9450527326AD30047ABA8 /* GuideTableViewCell.swift */,
				E1E9450627326AD30047ABA8 /* GuideTableViewCell.xib */,
			);
			path = GuidePage;
			sourceTree = "<group>";
		};
/* End PBXGroup section */

/* Begin PBXNativeTarget section */
		E14321C3272FA1730028DAE4 /* DailyGreen */ = {
			isa = PBXNativeTarget;
			buildConfigurationList = E14321F1272FA1740028DAE4 /* Build configuration list for PBXNativeTarget "DailyGreen" */;
			buildPhases = (
				6ED8FA75B9525A794634AFC5 /* [CP] Check Pods Manifest.lock */,
				E14321C0272FA1730028DAE4 /* Sources */,
				E14321C1272FA1730028DAE4 /* Frameworks */,
				E14321C2272FA1730028DAE4 /* Resources */,
				4C2D9B118E71FB92AF651A12 /* [CP] Embed Pods Frameworks */,
			);
			buildRules = (
			);
			dependencies = (
			);
			name = DailyGreen;
			productName = DailyGreen;
			productReference = E14321C4272FA1730028DAE4 /* DailyGreen.app */;
			productType = "com.apple.product-type.application";
		};
		E14321DC272FA1740028DAE4 /* DailyGreenTests */ = {
			isa = PBXNativeTarget;
			buildConfigurationList = E14321F4272FA1740028DAE4 /* Build configuration list for PBXNativeTarget "DailyGreenTests" */;
			buildPhases = (
				E6B8051F345C216B0CBF4250 /* [CP] Check Pods Manifest.lock */,
				E14321D9272FA1740028DAE4 /* Sources */,
				E14321DA272FA1740028DAE4 /* Frameworks */,
				E14321DB272FA1740028DAE4 /* Resources */,
			);
			buildRules = (
			);
			dependencies = (
				E14321DF272FA1740028DAE4 /* PBXTargetDependency */,
			);
			name = DailyGreenTests;
			productName = DailyGreenTests;
			productReference = E14321DD272FA1740028DAE4 /* DailyGreenTests.xctest */;
			productType = "com.apple.product-type.bundle.unit-test";
		};
		E14321E6272FA1740028DAE4 /* DailyGreenUITests */ = {
			isa = PBXNativeTarget;
			buildConfigurationList = E14321F7272FA1740028DAE4 /* Build configuration list for PBXNativeTarget "DailyGreenUITests" */;
			buildPhases = (
				1153BA531345C117F2EA56AC /* [CP] Check Pods Manifest.lock */,
				E14321E3272FA1740028DAE4 /* Sources */,
				E14321E4272FA1740028DAE4 /* Frameworks */,
				E14321E5272FA1740028DAE4 /* Resources */,
				FD0567C631672409D8467B2D /* [CP] Embed Pods Frameworks */,
			);
			buildRules = (
			);
			dependencies = (
				E14321E9272FA1740028DAE4 /* PBXTargetDependency */,
			);
			name = DailyGreenUITests;
			productName = DailyGreenUITests;
			productReference = E14321E7272FA1740028DAE4 /* DailyGreenUITests.xctest */;
			productType = "com.apple.product-type.bundle.ui-testing";
		};
/* End PBXNativeTarget section */

/* Begin PBXProject section */
		E14321BC272FA1730028DAE4 /* Project object */ = {
			isa = PBXProject;
			attributes = {
				BuildIndependentTargetsInParallel = 1;
				LastSwiftUpdateCheck = 1310;
				LastUpgradeCheck = 1310;
				TargetAttributes = {
					E14321C3272FA1730028DAE4 = {
						CreatedOnToolsVersion = 13.1;
					};
					E14321DC272FA1740028DAE4 = {
						CreatedOnToolsVersion = 13.1;
						TestTargetID = E14321C3272FA1730028DAE4;
					};
					E14321E6272FA1740028DAE4 = {
						CreatedOnToolsVersion = 13.1;
						TestTargetID = E14321C3272FA1730028DAE4;
					};
				};
			};
			buildConfigurationList = E14321BF272FA1730028DAE4 /* Build configuration list for PBXProject "DailyGreen" */;
			compatibilityVersion = "Xcode 13.0";
			developmentRegion = en;
			hasScannedForEncodings = 0;
			knownRegions = (
				en,
				Base,
			);
			mainGroup = E14321BB272FA1730028DAE4;
			productRefGroup = E14321C5272FA1730028DAE4 /* Products */;
			projectDirPath = "";
			projectRoot = "";
			targets = (
				E14321C3272FA1730028DAE4 /* DailyGreen */,
				E14321DC272FA1740028DAE4 /* DailyGreenTests */,
				E14321E6272FA1740028DAE4 /* DailyGreenUITests */,
			);
		};
/* End PBXProject section */

/* Begin PBXResourcesBuildPhase section */
		E14321C2272FA1730028DAE4 /* Resources */ = {
			isa = PBXResourcesBuildPhase;
			buildActionMask = 2147483647;
			files = (
				E1509DB82734006500D0B94C /* NanumSquareEB.ttf in Resources */,
				E15CB81D273E35EA00D66360 /* CoCardTableViewCell.xib in Resources */,
				E1E9450827326AD30047ABA8 /* GuideTableViewCell.xib in Resources */,
				E1E9450227325E560047ABA8 /* Guide.storyboard in Resources */,
				E14321D7272FA1740028DAE4 /* LaunchScreen.storyboard in Resources */,
				E1534ECD2746177B00E1FA01 /* FeedCollectionViewCell.xib in Resources */,
				E1534EB8274500C800E1FA01 /* PickedImageCollectionViewCell.xib in Resources */,
				E1BBD31B2743F9FA00268BB5 /* WriteScene.storyboard in Resources */,
				E14321D4272FA1740028DAE4 /* Assets.xcassets in Resources */,
				E14ED301273A2BB900CCBCED /* CommunityTableViewCell.xib in Resources */,
				E1534EC8274610EC00E1FA01 /* FeedTableViewCell.xib in Resources */,
				E1432237272FD6AF0028DAE4 /* NanumSquareR.ttf in Resources */,
				E12838FE27427C5700F1E259 /* EntireShopTableViewCell.xib in Resources */,
				E15CB811273E103200D66360 /* PagerTabbar.storyboard in Resources */,
				E1432227272FB76E0028DAE4 /* NanumSquareB.ttf in Resources */,
				E14321CF272FA1730028DAE4 /* Main.storyboard in Resources */,
				E14426D7273186D300EC86D1 /* EventCollectionViewCell.xib in Resources */,
				E12838F3274275A700F1E259 /* ShopPagerTabbar.storyboard in Resources */,
				E1509DBA273408F300D0B94C /* Register.storyboard in Resources */,
			);
			runOnlyForDeploymentPostprocessing = 0;
		};
		E14321DB272FA1740028DAE4 /* Resources */ = {
			isa = PBXResourcesBuildPhase;
			buildActionMask = 2147483647;
			files = (
			);
			runOnlyForDeploymentPostprocessing = 0;
		};
		E14321E5272FA1740028DAE4 /* Resources */ = {
			isa = PBXResourcesBuildPhase;
			buildActionMask = 2147483647;
			files = (
			);
			runOnlyForDeploymentPostprocessing = 0;
		};
/* End PBXResourcesBuildPhase section */

/* Begin PBXShellScriptBuildPhase section */
		1153BA531345C117F2EA56AC /* [CP] Check Pods Manifest.lock */ = {
			isa = PBXShellScriptBuildPhase;
			buildActionMask = 2147483647;
			files = (
			);
			inputFileListPaths = (
			);
			inputPaths = (
				"${PODS_PODFILE_DIR_PATH}/Podfile.lock",
				"${PODS_ROOT}/Manifest.lock",
			);
			name = "[CP] Check Pods Manifest.lock";
			outputFileListPaths = (
			);
			outputPaths = (
				"$(DERIVED_FILE_DIR)/Pods-DailyGreen-DailyGreenUITests-checkManifestLockResult.txt",
			);
			runOnlyForDeploymentPostprocessing = 0;
			shellPath = /bin/sh;
			shellScript = "diff \"${PODS_PODFILE_DIR_PATH}/Podfile.lock\" \"${PODS_ROOT}/Manifest.lock\" > /dev/null\nif [ $? != 0 ] ; then\n    # print error to STDERR\n    echo \"error: The sandbox is not in sync with the Podfile.lock. Run 'pod install' or update your CocoaPods installation.\" >&2\n    exit 1\nfi\n# This output is used by Xcode 'outputs' to avoid re-running this script phase.\necho \"SUCCESS\" > \"${SCRIPT_OUTPUT_FILE_0}\"\n";
			showEnvVarsInLog = 0;
		};
		4C2D9B118E71FB92AF651A12 /* [CP] Embed Pods Frameworks */ = {
			isa = PBXShellScriptBuildPhase;
			buildActionMask = 2147483647;
			files = (
			);
			inputFileListPaths = (
				"${PODS_ROOT}/Target Support Files/Pods-DailyGreen/Pods-DailyGreen-frameworks-${CONFIGURATION}-input-files.xcfilelist",
			);
			name = "[CP] Embed Pods Frameworks";
			outputFileListPaths = (
				"${PODS_ROOT}/Target Support Files/Pods-DailyGreen/Pods-DailyGreen-frameworks-${CONFIGURATION}-output-files.xcfilelist",
			);
			runOnlyForDeploymentPostprocessing = 0;
			shellPath = /bin/sh;
			shellScript = "\"${PODS_ROOT}/Target Support Files/Pods-DailyGreen/Pods-DailyGreen-frameworks.sh\"\n";
			showEnvVarsInLog = 0;
		};
		6ED8FA75B9525A794634AFC5 /* [CP] Check Pods Manifest.lock */ = {
			isa = PBXShellScriptBuildPhase;
			buildActionMask = 2147483647;
			files = (
			);
			inputFileListPaths = (
			);
			inputPaths = (
				"${PODS_PODFILE_DIR_PATH}/Podfile.lock",
				"${PODS_ROOT}/Manifest.lock",
			);
			name = "[CP] Check Pods Manifest.lock";
			outputFileListPaths = (
			);
			outputPaths = (
				"$(DERIVED_FILE_DIR)/Pods-DailyGreen-checkManifestLockResult.txt",
			);
			runOnlyForDeploymentPostprocessing = 0;
			shellPath = /bin/sh;
			shellScript = "diff \"${PODS_PODFILE_DIR_PATH}/Podfile.lock\" \"${PODS_ROOT}/Manifest.lock\" > /dev/null\nif [ $? != 0 ] ; then\n    # print error to STDERR\n    echo \"error: The sandbox is not in sync with the Podfile.lock. Run 'pod install' or update your CocoaPods installation.\" >&2\n    exit 1\nfi\n# This output is used by Xcode 'outputs' to avoid re-running this script phase.\necho \"SUCCESS\" > \"${SCRIPT_OUTPUT_FILE_0}\"\n";
			showEnvVarsInLog = 0;
		};
		E6B8051F345C216B0CBF4250 /* [CP] Check Pods Manifest.lock */ = {
			isa = PBXShellScriptBuildPhase;
			buildActionMask = 2147483647;
			files = (
			);
			inputFileListPaths = (
			);
			inputPaths = (
				"${PODS_PODFILE_DIR_PATH}/Podfile.lock",
				"${PODS_ROOT}/Manifest.lock",
			);
			name = "[CP] Check Pods Manifest.lock";
			outputFileListPaths = (
			);
			outputPaths = (
				"$(DERIVED_FILE_DIR)/Pods-DailyGreenTests-checkManifestLockResult.txt",
			);
			runOnlyForDeploymentPostprocessing = 0;
			shellPath = /bin/sh;
			shellScript = "diff \"${PODS_PODFILE_DIR_PATH}/Podfile.lock\" \"${PODS_ROOT}/Manifest.lock\" > /dev/null\nif [ $? != 0 ] ; then\n    # print error to STDERR\n    echo \"error: The sandbox is not in sync with the Podfile.lock. Run 'pod install' or update your CocoaPods installation.\" >&2\n    exit 1\nfi\n# This output is used by Xcode 'outputs' to avoid re-running this script phase.\necho \"SUCCESS\" > \"${SCRIPT_OUTPUT_FILE_0}\"\n";
			showEnvVarsInLog = 0;
		};
		FD0567C631672409D8467B2D /* [CP] Embed Pods Frameworks */ = {
			isa = PBXShellScriptBuildPhase;
			buildActionMask = 2147483647;
			files = (
			);
			inputFileListPaths = (
				"${PODS_ROOT}/Target Support Files/Pods-DailyGreen-DailyGreenUITests/Pods-DailyGreen-DailyGreenUITests-frameworks-${CONFIGURATION}-input-files.xcfilelist",
			);
			name = "[CP] Embed Pods Frameworks";
			outputFileListPaths = (
				"${PODS_ROOT}/Target Support Files/Pods-DailyGreen-DailyGreenUITests/Pods-DailyGreen-DailyGreenUITests-frameworks-${CONFIGURATION}-output-files.xcfilelist",
			);
			runOnlyForDeploymentPostprocessing = 0;
			shellPath = /bin/sh;
			shellScript = "\"${PODS_ROOT}/Target Support Files/Pods-DailyGreen-DailyGreenUITests/Pods-DailyGreen-DailyGreenUITests-frameworks.sh\"\n";
			showEnvVarsInLog = 0;
		};
/* End PBXShellScriptBuildPhase section */

/* Begin PBXSourcesBuildPhase section */
		E14321C0272FA1730028DAE4 /* Sources */ = {
			isa = PBXSourcesBuildPhase;
			buildActionMask = 2147483647;
			files = (
				E1E9450727326AD30047ABA8 /* GuideTableViewCell.swift in Sources */,
				E1534ED227467A3F00E1FA01 /* LikeDataManager.swift in Sources */,
				E1534EBC27452AE500E1FA01 /* WriteFeedDataManager.swift in Sources */,
				E15CB80E273E04B500D66360 /* CoSubscribeCodabel.swift in Sources */,
				E14ED308273A396800CCBCED /* CommunityList.swift in Sources */,
				E19F535727414E4B00B3A28D /* KakaoLoginDataManager.swift in Sources */,
				E1534EC22746098C00E1FA01 /* FeedDataManager.swift in Sources */,
				E14426D6273186D300EC86D1 /* EventCollectionViewCell.swift in Sources */,
				E12838F027426BE500F1E259 /* CancelCommunityCodabel.swift in Sources */,
				E1432242272FE89B0028DAE4 /* LoginViewController.swift in Sources */,
				E1509DBC2734093700D0B94C /* RegisterEmailViewController.swift in Sources */,
				E1E944FD273257010047ABA8 /* TabBarController.swift in Sources */,
				E12838F92742799900F1E259 /* BookMarkShopViewController.swift in Sources */,
				E1467146273D741500DD2037 /* CoParticipateDataManager.swift in Sources */,
				E1534EBE27452CFA00E1FA01 /* WriteFeedCodable.swift in Sources */,
				E1F6A1142737ABE100BEFF6A /* UILabel.swift in Sources */,
				E14321CC272FA1730028DAE4 /* ViewController.swift in Sources */,
				E1534EC4274609AD00E1FA01 /* FeedResponse.swift in Sources */,
				E1432229272FC1CF0028DAE4 /* UserDefault.swift in Sources */,
				E1362C4D273470BF0045C9EE /* Constant.swift in Sources */,
				E12838F5274275D000F1E259 /* ShopPagerViewController.swift in Sources */,
				E1E9450027325E400047ABA8 /* GuideViewContorller.swift in Sources */,
				E1362C4927345A890045C9EE /* RegisterProfileViewController.swift in Sources */,
				E14ED300273A2BB900CCBCED /* CommunityTableViewCell.swift in Sources */,
				E1534EC7274610EC00E1FA01 /* FeedTableViewCell.swift in Sources */,
				E14321C8272FA1730028DAE4 /* AppDelegate.swift in Sources */,
				E1F6A1162737C2B000BEFF6A /* DimmingView.swift in Sources */,
				E1534ED427467A4B00E1FA01 /* LikeCodable.swift in Sources */,
				E1432235272FCC000028DAE4 /* Color.swift in Sources */,
				E19F535B2741F20A00B3A28D /* UIImageView.swift in Sources */,
				E1432221272FA6850028DAE4 /* Font.swift in Sources */,
				E19F535927414E5400B3A28D /* KakaoLoginCodable.swift in Sources */,
				E15CB81C273E35EA00D66360 /* CoCardTableViewCell.swift in Sources */,
				E15CB819273E188A00D66360 /* WorkshopViewController.swift in Sources */,
				E145B9742734F21E007C593B /* NickNameDataManager.swift in Sources */,
				E1467148273D742200DD2037 /* CoParticipateResponse.swift in Sources */,
				E1CC0F5E273E9AB200778650 /* CheckAuthDataManager.swift in Sources */,
				E1CC0F58273E97EB00778650 /* PhoneAuthCodable.swift in Sources */,
				E14ED30F273A57AE00CCBCED /* KakaoRegisterCodable.swift in Sources */,
				E1534EB7274500C800E1FA01 /* PickedImageCollectionViewCell.swift in Sources */,
				E14321CA272FA1730028DAE4 /* SceneDelegate.swift in Sources */,
				E1509DBE27340CEE00D0B94C /* RegisterNavigationConroller.swift in Sources */,
				E1432232272FCA9C0028DAE4 /* OnboardingView1.swift in Sources */,
				E1CC0F5A273E97F600778650 /* PhoneAuthDataManager.swift in Sources */,
				E15CB817273E12DB00D66360 /* FeedViewController.swift in Sources */,
				E143223F272FE3D00028DAE4 /* UIViewController.swift in Sources */,
				E1CC0F5C273E9AA400778650 /* CheckAuthCodable.swift in Sources */,
				E19F535D2741F56500B3A28D /* ImageCacheManager.swift in Sources */,
				E14ED2FD2739643700CCBCED /* CommunityViewController.swift in Sources */,
				E1534EB32744A88A00E1FA01 /* WriteFeedViewController.swift in Sources */,
				E19D4E9F2732B1F10024B6FE /* EmailLoginViewController.swift in Sources */,
				E14ED304273A31EC00CCBCED /* CommunityListResponse.swift in Sources */,
				E1362C47273451D90045C9EE /* RegisterPhoneViewController.swift in Sources */,
				E146714A273D772C00DD2037 /* ParticipateView.swift in Sources */,
				E145B9772734F419007C593B /* NickNameCodable.swift in Sources */,
				E15CB815273E12D100D66360 /* MeetingViewController.swift in Sources */,
				E12838FD27427C5700F1E259 /* EntireShopTableViewCell.swift in Sources */,
				E1BBD31D2743FC0E00268BB5 /* WriteStep1ViewController.swift in Sources */,
				E14321D2272FA1730028DAE4 /* DailyGreen.xcdatamodeld in Sources */,
				E14ED306273A31F700CCBCED /* CommunityListDataManager.swift in Sources */,
				E1432246272FF1EA0028DAE4 /* File.swift in Sources */,
				E15CB813273E104100D66360 /* PagerTabbarViewController.swift in Sources */,
				E15CB80C273E04A100D66360 /* CoSubscribeDataManager.swift in Sources */,
				E143223B272FDC9C0028DAE4 /* OnboardingView3.swift in Sources */,
				E19F5355274140C600B3A28D /* MeetResponse.swift in Sources */,
				E12838EE27426BD600F1E259 /* CancelCommunityDataManager.swift in Sources */,
				E143222B272FC61B0028DAE4 /* OnboardViewController.swift in Sources */,
				E1E94504273261A50047ABA8 /* ModalHeaderView.swift in Sources */,
				E1534ECC2746177B00E1FA01 /* FeedCollectionViewCell.swift in Sources */,
				E12838F72742798500F1E259 /* EntireShopViewController.swift in Sources */,
				E1E944F9273233C90047ABA8 /* CommunityView.swift in Sources */,
				E1432239272FDA890028DAE4 /* OnboardingView2.swift in Sources */,
				E19F5353274140B700B3A28D /* MeetDataManager.swift in Sources */,
				E14426CF2731174700EC86D1 /* MainPageViewController.swift in Sources */,
				E14ED30C273A571A00CCBCED /* KakaoRegisterDataManager.swift in Sources */,
				E143223D272FDCA20028DAE4 /* OnboardingView4.swift in Sources */,
			);
			runOnlyForDeploymentPostprocessing = 0;
		};
		E14321D9272FA1740028DAE4 /* Sources */ = {
			isa = PBXSourcesBuildPhase;
			buildActionMask = 2147483647;
			files = (
				E14321E2272FA1740028DAE4 /* DailyGreenTests.swift in Sources */,
			);
			runOnlyForDeploymentPostprocessing = 0;
		};
		E14321E3272FA1740028DAE4 /* Sources */ = {
			isa = PBXSourcesBuildPhase;
			buildActionMask = 2147483647;
			files = (
				E14321EE272FA1740028DAE4 /* DailyGreenUITestsLaunchTests.swift in Sources */,
				E14321EC272FA1740028DAE4 /* DailyGreenUITests.swift in Sources */,
			);
			runOnlyForDeploymentPostprocessing = 0;
		};
/* End PBXSourcesBuildPhase section */

/* Begin PBXTargetDependency section */
		E14321DF272FA1740028DAE4 /* PBXTargetDependency */ = {
			isa = PBXTargetDependency;
			target = E14321C3272FA1730028DAE4 /* DailyGreen */;
			targetProxy = E14321DE272FA1740028DAE4 /* PBXContainerItemProxy */;
		};
		E14321E9272FA1740028DAE4 /* PBXTargetDependency */ = {
			isa = PBXTargetDependency;
			target = E14321C3272FA1730028DAE4 /* DailyGreen */;
			targetProxy = E14321E8272FA1740028DAE4 /* PBXContainerItemProxy */;
		};
/* End PBXTargetDependency section */

/* Begin PBXVariantGroup section */
		E14321CD272FA1730028DAE4 /* Main.storyboard */ = {
			isa = PBXVariantGroup;
			children = (
				E14321CE272FA1730028DAE4 /* Base */,
			);
			name = Main.storyboard;
			sourceTree = "<group>";
		};
		E14321D5272FA1740028DAE4 /* LaunchScreen.storyboard */ = {
			isa = PBXVariantGroup;
			children = (
				E14321D6272FA1740028DAE4 /* Base */,
			);
			name = LaunchScreen.storyboard;
			sourceTree = "<group>";
		};
/* End PBXVariantGroup section */

/* Begin XCBuildConfiguration section */
		E14321EF272FA1740028DAE4 /* Debug */ = {
			isa = XCBuildConfiguration;
			buildSettings = {
				ALWAYS_SEARCH_USER_PATHS = NO;
				CLANG_ANALYZER_NONNULL = YES;
				CLANG_ANALYZER_NUMBER_OBJECT_CONVERSION = YES_AGGRESSIVE;
				CLANG_CXX_LANGUAGE_STANDARD = "gnu++17";
				CLANG_CXX_LIBRARY = "libc++";
				CLANG_ENABLE_MODULES = YES;
				CLANG_ENABLE_OBJC_ARC = YES;
				CLANG_ENABLE_OBJC_WEAK = YES;
				CLANG_WARN_BLOCK_CAPTURE_AUTORELEASING = YES;
				CLANG_WARN_BOOL_CONVERSION = YES;
				CLANG_WARN_COMMA = YES;
				CLANG_WARN_CONSTANT_CONVERSION = YES;
				CLANG_WARN_DEPRECATED_OBJC_IMPLEMENTATIONS = YES;
				CLANG_WARN_DIRECT_OBJC_ISA_USAGE = YES_ERROR;
				CLANG_WARN_DOCUMENTATION_COMMENTS = YES;
				CLANG_WARN_EMPTY_BODY = YES;
				CLANG_WARN_ENUM_CONVERSION = YES;
				CLANG_WARN_INFINITE_RECURSION = YES;
				CLANG_WARN_INT_CONVERSION = YES;
				CLANG_WARN_NON_LITERAL_NULL_CONVERSION = YES;
				CLANG_WARN_OBJC_IMPLICIT_RETAIN_SELF = YES;
				CLANG_WARN_OBJC_LITERAL_CONVERSION = YES;
				CLANG_WARN_OBJC_ROOT_CLASS = YES_ERROR;
				CLANG_WARN_QUOTED_INCLUDE_IN_FRAMEWORK_HEADER = YES;
				CLANG_WARN_RANGE_LOOP_ANALYSIS = YES;
				CLANG_WARN_STRICT_PROTOTYPES = YES;
				CLANG_WARN_SUSPICIOUS_MOVE = YES;
				CLANG_WARN_UNGUARDED_AVAILABILITY = YES_AGGRESSIVE;
				CLANG_WARN_UNREACHABLE_CODE = YES;
				CLANG_WARN__DUPLICATE_METHOD_MATCH = YES;
				COPY_PHASE_STRIP = NO;
				DEBUG_INFORMATION_FORMAT = dwarf;
				ENABLE_STRICT_OBJC_MSGSEND = YES;
				ENABLE_TESTABILITY = YES;
				GCC_C_LANGUAGE_STANDARD = gnu11;
				GCC_DYNAMIC_NO_PIC = NO;
				GCC_NO_COMMON_BLOCKS = YES;
				GCC_OPTIMIZATION_LEVEL = 0;
				GCC_PREPROCESSOR_DEFINITIONS = (
					"DEBUG=1",
					"$(inherited)",
				);
				GCC_WARN_64_TO_32_BIT_CONVERSION = YES;
				GCC_WARN_ABOUT_RETURN_TYPE = YES_ERROR;
				GCC_WARN_UNDECLARED_SELECTOR = YES;
				GCC_WARN_UNINITIALIZED_AUTOS = YES_AGGRESSIVE;
				GCC_WARN_UNUSED_FUNCTION = YES;
				GCC_WARN_UNUSED_VARIABLE = YES;
				IPHONEOS_DEPLOYMENT_TARGET = 15.0;
				MTL_ENABLE_DEBUG_INFO = INCLUDE_SOURCE;
				MTL_FAST_MATH = YES;
				ONLY_ACTIVE_ARCH = YES;
				SDKROOT = iphoneos;
				SWIFT_ACTIVE_COMPILATION_CONDITIONS = DEBUG;
				SWIFT_OPTIMIZATION_LEVEL = "-Onone";
			};
			name = Debug;
		};
		E14321F0272FA1740028DAE4 /* Release */ = {
			isa = XCBuildConfiguration;
			buildSettings = {
				ALWAYS_SEARCH_USER_PATHS = NO;
				CLANG_ANALYZER_NONNULL = YES;
				CLANG_ANALYZER_NUMBER_OBJECT_CONVERSION = YES_AGGRESSIVE;
				CLANG_CXX_LANGUAGE_STANDARD = "gnu++17";
				CLANG_CXX_LIBRARY = "libc++";
				CLANG_ENABLE_MODULES = YES;
				CLANG_ENABLE_OBJC_ARC = YES;
				CLANG_ENABLE_OBJC_WEAK = YES;
				CLANG_WARN_BLOCK_CAPTURE_AUTORELEASING = YES;
				CLANG_WARN_BOOL_CONVERSION = YES;
				CLANG_WARN_COMMA = YES;
				CLANG_WARN_CONSTANT_CONVERSION = YES;
				CLANG_WARN_DEPRECATED_OBJC_IMPLEMENTATIONS = YES;
				CLANG_WARN_DIRECT_OBJC_ISA_USAGE = YES_ERROR;
				CLANG_WARN_DOCUMENTATION_COMMENTS = YES;
				CLANG_WARN_EMPTY_BODY = YES;
				CLANG_WARN_ENUM_CONVERSION = YES;
				CLANG_WARN_INFINITE_RECURSION = YES;
				CLANG_WARN_INT_CONVERSION = YES;
				CLANG_WARN_NON_LITERAL_NULL_CONVERSION = YES;
				CLANG_WARN_OBJC_IMPLICIT_RETAIN_SELF = YES;
				CLANG_WARN_OBJC_LITERAL_CONVERSION = YES;
				CLANG_WARN_OBJC_ROOT_CLASS = YES_ERROR;
				CLANG_WARN_QUOTED_INCLUDE_IN_FRAMEWORK_HEADER = YES;
				CLANG_WARN_RANGE_LOOP_ANALYSIS = YES;
				CLANG_WARN_STRICT_PROTOTYPES = YES;
				CLANG_WARN_SUSPICIOUS_MOVE = YES;
				CLANG_WARN_UNGUARDED_AVAILABILITY = YES_AGGRESSIVE;
				CLANG_WARN_UNREACHABLE_CODE = YES;
				CLANG_WARN__DUPLICATE_METHOD_MATCH = YES;
				COPY_PHASE_STRIP = NO;
				DEBUG_INFORMATION_FORMAT = "dwarf-with-dsym";
				ENABLE_NS_ASSERTIONS = NO;
				ENABLE_STRICT_OBJC_MSGSEND = YES;
				GCC_C_LANGUAGE_STANDARD = gnu11;
				GCC_NO_COMMON_BLOCKS = YES;
				GCC_WARN_64_TO_32_BIT_CONVERSION = YES;
				GCC_WARN_ABOUT_RETURN_TYPE = YES_ERROR;
				GCC_WARN_UNDECLARED_SELECTOR = YES;
				GCC_WARN_UNINITIALIZED_AUTOS = YES_AGGRESSIVE;
				GCC_WARN_UNUSED_FUNCTION = YES;
				GCC_WARN_UNUSED_VARIABLE = YES;
				IPHONEOS_DEPLOYMENT_TARGET = 15.0;
				MTL_ENABLE_DEBUG_INFO = NO;
				MTL_FAST_MATH = YES;
				SDKROOT = iphoneos;
				SWIFT_COMPILATION_MODE = wholemodule;
				SWIFT_OPTIMIZATION_LEVEL = "-O";
				VALIDATE_PRODUCT = YES;
			};
			name = Release;
		};
		E14321F2272FA1740028DAE4 /* Debug */ = {
			isa = XCBuildConfiguration;
			baseConfigurationReference = 712D0457DF29802A214A0999 /* Pods-DailyGreen.debug.xcconfig */;
			buildSettings = {
				ASSETCATALOG_COMPILER_APPICON_NAME = AppIcon;
				ASSETCATALOG_COMPILER_GLOBAL_ACCENT_COLOR_NAME = AccentColor;
				CODE_SIGN_ENTITLEMENTS = DailyGreen/DailyGreen.entitlements;
				CODE_SIGN_STYLE = Automatic;
				CURRENT_PROJECT_VERSION = 1;
				DEVELOPMENT_TEAM = 5KZ5C4UW39;
				GENERATE_INFOPLIST_FILE = YES;
				INFOPLIST_FILE = DailyGreen/Info.plist;
				INFOPLIST_KEY_NSPhotoLibraryAddUsageDescription = "For uploading a profile image or posting a picture of environmental activity";
				INFOPLIST_KEY_UIApplicationSupportsIndirectInputEvents = YES;
				INFOPLIST_KEY_UILaunchStoryboardName = LaunchScreen;
				INFOPLIST_KEY_UIMainStoryboardFile = Main;
				INFOPLIST_KEY_UISupportedInterfaceOrientations = UIInterfaceOrientationPortrait;
				INFOPLIST_KEY_UISupportedInterfaceOrientations_iPad = "UIInterfaceOrientationPortrait UIInterfaceOrientationPortraitUpsideDown UIInterfaceOrientationLandscapeLeft UIInterfaceOrientationLandscapeRight";
				INFOPLIST_KEY_UISupportedInterfaceOrientations_iPhone = "UIInterfaceOrientationPortrait UIInterfaceOrientationLandscapeLeft UIInterfaceOrientationLandscapeRight";
				INFOPLIST_KEY_UIUserInterfaceStyle = Light;
				IPHONEOS_DEPLOYMENT_TARGET = 13.0;
				LD_RUNPATH_SEARCH_PATHS = (
					"$(inherited)",
					"@executable_path/Frameworks",
				);
				MARKETING_VERSION = 1.0;
				PRODUCT_BUNDLE_IDENTIFIER = com.jy.DailyGreen;
				PRODUCT_NAME = "$(TARGET_NAME)";
				SWIFT_EMIT_LOC_STRINGS = YES;
				SWIFT_VERSION = 5.0;
				TARGETED_DEVICE_FAMILY = 1;
			};
			name = Debug;
		};
		E14321F3272FA1740028DAE4 /* Release */ = {
			isa = XCBuildConfiguration;
			baseConfigurationReference = 68CE541DBAD19CECAACF8CB3 /* Pods-DailyGreen.release.xcconfig */;
			buildSettings = {
				ASSETCATALOG_COMPILER_APPICON_NAME = AppIcon;
				ASSETCATALOG_COMPILER_GLOBAL_ACCENT_COLOR_NAME = AccentColor;
				CODE_SIGN_ENTITLEMENTS = DailyGreen/DailyGreen.entitlements;
				CODE_SIGN_STYLE = Automatic;
				CURRENT_PROJECT_VERSION = 1;
				DEVELOPMENT_TEAM = 5KZ5C4UW39;
				GENERATE_INFOPLIST_FILE = YES;
				INFOPLIST_FILE = DailyGreen/Info.plist;
				INFOPLIST_KEY_NSPhotoLibraryAddUsageDescription = "For uploading a profile image or posting a picture of environmental activity";
				INFOPLIST_KEY_UIApplicationSupportsIndirectInputEvents = YES;
				INFOPLIST_KEY_UILaunchStoryboardName = LaunchScreen;
				INFOPLIST_KEY_UIMainStoryboardFile = Main;
				INFOPLIST_KEY_UISupportedInterfaceOrientations = UIInterfaceOrientationPortrait;
				INFOPLIST_KEY_UISupportedInterfaceOrientations_iPad = "UIInterfaceOrientationPortrait UIInterfaceOrientationPortraitUpsideDown UIInterfaceOrientationLandscapeLeft UIInterfaceOrientationLandscapeRight";
				INFOPLIST_KEY_UISupportedInterfaceOrientations_iPhone = "UIInterfaceOrientationPortrait UIInterfaceOrientationLandscapeLeft UIInterfaceOrientationLandscapeRight";
				INFOPLIST_KEY_UIUserInterfaceStyle = Light;
				IPHONEOS_DEPLOYMENT_TARGET = 13.0;
				LD_RUNPATH_SEARCH_PATHS = (
					"$(inherited)",
					"@executable_path/Frameworks",
				);
				MARKETING_VERSION = 1.0;
				PRODUCT_BUNDLE_IDENTIFIER = com.jy.DailyGreen;
				PRODUCT_NAME = "$(TARGET_NAME)";
				SWIFT_EMIT_LOC_STRINGS = YES;
				SWIFT_VERSION = 5.0;
				TARGETED_DEVICE_FAMILY = 1;
			};
			name = Release;
		};
		E14321F5272FA1740028DAE4 /* Debug */ = {
			isa = XCBuildConfiguration;
			baseConfigurationReference = 17416361E90B8AF197BF4AA3 /* Pods-DailyGreenTests.debug.xcconfig */;
			buildSettings = {
				ALWAYS_EMBED_SWIFT_STANDARD_LIBRARIES = YES;
				BUNDLE_LOADER = "$(TEST_HOST)";
				CODE_SIGN_STYLE = Automatic;
				CURRENT_PROJECT_VERSION = 1;
				DEVELOPMENT_TEAM = 5KZ5C4UW39;
				GENERATE_INFOPLIST_FILE = YES;
				IPHONEOS_DEPLOYMENT_TARGET = 15.0;
				LD_RUNPATH_SEARCH_PATHS = (
					"$(inherited)",
					"@executable_path/Frameworks",
					"@loader_path/Frameworks",
				);
				MARKETING_VERSION = 1.0;
				PRODUCT_BUNDLE_IDENTIFIER = jy.DailyGreenTests;
				PRODUCT_NAME = "$(TARGET_NAME)";
				SWIFT_EMIT_LOC_STRINGS = NO;
				SWIFT_VERSION = 5.0;
				TARGETED_DEVICE_FAMILY = "1,2";
				TEST_HOST = "$(BUILT_PRODUCTS_DIR)/DailyGreen.app/DailyGreen";
			};
			name = Debug;
		};
		E14321F6272FA1740028DAE4 /* Release */ = {
			isa = XCBuildConfiguration;
			baseConfigurationReference = C2F563F61E659619E64A61F4 /* Pods-DailyGreenTests.release.xcconfig */;
			buildSettings = {
				ALWAYS_EMBED_SWIFT_STANDARD_LIBRARIES = YES;
				BUNDLE_LOADER = "$(TEST_HOST)";
				CODE_SIGN_STYLE = Automatic;
				CURRENT_PROJECT_VERSION = 1;
				DEVELOPMENT_TEAM = 5KZ5C4UW39;
				GENERATE_INFOPLIST_FILE = YES;
				IPHONEOS_DEPLOYMENT_TARGET = 15.0;
				LD_RUNPATH_SEARCH_PATHS = (
					"$(inherited)",
					"@executable_path/Frameworks",
					"@loader_path/Frameworks",
				);
				MARKETING_VERSION = 1.0;
				PRODUCT_BUNDLE_IDENTIFIER = jy.DailyGreenTests;
				PRODUCT_NAME = "$(TARGET_NAME)";
				SWIFT_EMIT_LOC_STRINGS = NO;
				SWIFT_VERSION = 5.0;
				TARGETED_DEVICE_FAMILY = "1,2";
				TEST_HOST = "$(BUILT_PRODUCTS_DIR)/DailyGreen.app/DailyGreen";
			};
			name = Release;
		};
		E14321F8272FA1740028DAE4 /* Debug */ = {
			isa = XCBuildConfiguration;
			baseConfigurationReference = 2F68CA0B4A5DE22D781F612F /* Pods-DailyGreen-DailyGreenUITests.debug.xcconfig */;
			buildSettings = {
				ALWAYS_EMBED_SWIFT_STANDARD_LIBRARIES = YES;
				CODE_SIGN_STYLE = Automatic;
				CURRENT_PROJECT_VERSION = 1;
				DEVELOPMENT_TEAM = 5KZ5C4UW39;
				GENERATE_INFOPLIST_FILE = YES;
				LD_RUNPATH_SEARCH_PATHS = (
					"$(inherited)",
					"@executable_path/Frameworks",
					"@loader_path/Frameworks",
				);
				MARKETING_VERSION = 1.0;
				PRODUCT_BUNDLE_IDENTIFIER = jy.DailyGreenUITests;
				PRODUCT_NAME = "$(TARGET_NAME)";
				SWIFT_EMIT_LOC_STRINGS = NO;
				SWIFT_VERSION = 5.0;
				TARGETED_DEVICE_FAMILY = "1,2";
				TEST_TARGET_NAME = DailyGreen;
			};
			name = Debug;
		};
		E14321F9272FA1740028DAE4 /* Release */ = {
			isa = XCBuildConfiguration;
			baseConfigurationReference = 1E8973B6EDA7FA7E64557E31 /* Pods-DailyGreen-DailyGreenUITests.release.xcconfig */;
			buildSettings = {
				ALWAYS_EMBED_SWIFT_STANDARD_LIBRARIES = YES;
				CODE_SIGN_STYLE = Automatic;
				CURRENT_PROJECT_VERSION = 1;
				DEVELOPMENT_TEAM = 5KZ5C4UW39;
				GENERATE_INFOPLIST_FILE = YES;
				LD_RUNPATH_SEARCH_PATHS = (
					"$(inherited)",
					"@executable_path/Frameworks",
					"@loader_path/Frameworks",
				);
				MARKETING_VERSION = 1.0;
				PRODUCT_BUNDLE_IDENTIFIER = jy.DailyGreenUITests;
				PRODUCT_NAME = "$(TARGET_NAME)";
				SWIFT_EMIT_LOC_STRINGS = NO;
				SWIFT_VERSION = 5.0;
				TARGETED_DEVICE_FAMILY = "1,2";
				TEST_TARGET_NAME = DailyGreen;
			};
			name = Release;
		};
/* End XCBuildConfiguration section */

/* Begin XCConfigurationList section */
		E14321BF272FA1730028DAE4 /* Build configuration list for PBXProject "DailyGreen" */ = {
			isa = XCConfigurationList;
			buildConfigurations = (
				E14321EF272FA1740028DAE4 /* Debug */,
				E14321F0272FA1740028DAE4 /* Release */,
			);
			defaultConfigurationIsVisible = 0;
			defaultConfigurationName = Release;
		};
		E14321F1272FA1740028DAE4 /* Build configuration list for PBXNativeTarget "DailyGreen" */ = {
			isa = XCConfigurationList;
			buildConfigurations = (
				E14321F2272FA1740028DAE4 /* Debug */,
				E14321F3272FA1740028DAE4 /* Release */,
			);
			defaultConfigurationIsVisible = 0;
			defaultConfigurationName = Release;
		};
		E14321F4272FA1740028DAE4 /* Build configuration list for PBXNativeTarget "DailyGreenTests" */ = {
			isa = XCConfigurationList;
			buildConfigurations = (
				E14321F5272FA1740028DAE4 /* Debug */,
				E14321F6272FA1740028DAE4 /* Release */,
			);
			defaultConfigurationIsVisible = 0;
			defaultConfigurationName = Release;
		};
		E14321F7272FA1740028DAE4 /* Build configuration list for PBXNativeTarget "DailyGreenUITests" */ = {
			isa = XCConfigurationList;
			buildConfigurations = (
				E14321F8272FA1740028DAE4 /* Debug */,
				E14321F9272FA1740028DAE4 /* Release */,
			);
			defaultConfigurationIsVisible = 0;
			defaultConfigurationName = Release;
		};
/* End XCConfigurationList section */

/* Begin XCVersionGroup section */
		E14321D0272FA1730028DAE4 /* DailyGreen.xcdatamodeld */ = {
			isa = XCVersionGroup;
			children = (
				E14321D1272FA1730028DAE4 /* DailyGreen.xcdatamodel */,
			);
			currentVersion = E14321D1272FA1730028DAE4 /* DailyGreen.xcdatamodel */;
			path = DailyGreen.xcdatamodeld;
			sourceTree = "<group>";
			versionGroupType = wrapper.xcdatamodel;
		};
/* End XCVersionGroup section */
	};
	rootObject = E14321BC272FA1730028DAE4 /* Project object */;
}
